// !$*UTF8*$!
{
	archiveVersion = 1;
	classes = {
	};
	objectVersion = 51;
	objects = {

/* Begin PBXBuildFile section */
		112FC35C0B38A7556BB42289 /* libPods-app-nest-iosTests.a in Frameworks */ = {isa = PBXBuildFile; fileRef = E629CB708B659A4CE24FB62D /* libPods-app-nest-iosTests.a */; };
		121BB824C5D0EACCFA1091DD /* libPods-app-nest-ios-app-nest-iosUITests.a in Frameworks */ = {isa = PBXBuildFile; fileRef = 18D0EB6DF4EA0EB9E9D01A69 /* libPods-app-nest-ios-app-nest-iosUITests.a */; };
		2491FC1B46AB99D144503EDB /* libPods-app-nest-ios.a in Frameworks */ = {isa = PBXBuildFile; fileRef = E2270C34CC080CAC504B8925 /* libPods-app-nest-ios.a */; };
		84CC458226F03A64007210CA /* AppDelegate.m in Sources */ = {isa = PBXBuildFile; fileRef = 84CC458126F03A64007210CA /* AppDelegate.m */; };
		84CC458526F03A64007210CA /* SceneDelegate.m in Sources */ = {isa = PBXBuildFile; fileRef = 84CC458426F03A64007210CA /* SceneDelegate.m */; };
		84CC458826F03A64007210CA /* ViewController.m in Sources */ = {isa = PBXBuildFile; fileRef = 84CC458726F03A64007210CA /* ViewController.m */; };
		84CC458B26F03A64007210CA /* Main.storyboard in Resources */ = {isa = PBXBuildFile; fileRef = 84CC458926F03A64007210CA /* Main.storyboard */; };
		84CC458D26F03A64007210CA /* Assets.xcassets in Resources */ = {isa = PBXBuildFile; fileRef = 84CC458C26F03A64007210CA /* Assets.xcassets */; };
		84CC459026F03A64007210CA /* LaunchScreen.storyboard in Resources */ = {isa = PBXBuildFile; fileRef = 84CC458E26F03A64007210CA /* LaunchScreen.storyboard */; };
		84CC459326F03A64007210CA /* main.m in Sources */ = {isa = PBXBuildFile; fileRef = 84CC459226F03A64007210CA /* main.m */; };
		84CC459D26F03A64007210CA /* app_nest_iosTests.m in Sources */ = {isa = PBXBuildFile; fileRef = 84CC459C26F03A64007210CA /* app_nest_iosTests.m */; };
		84CC45A826F03A64007210CA /* app_nest_iosUITests.m in Sources */ = {isa = PBXBuildFile; fileRef = 84CC45A726F03A64007210CA /* app_nest_iosUITests.m */; };
		84CC45D326F07C61007210CA /* RootController.m in Sources */ = {isa = PBXBuildFile; fileRef = 84CC45C326F07C61007210CA /* RootController.m */; };
		84CC45D426F07C61007210CA /* CloseWebController.m in Sources */ = {isa = PBXBuildFile; fileRef = 84CC45C526F07C61007210CA /* CloseWebController.m */; };
		84CC45D526F07C61007210CA /* WebViewController.m in Sources */ = {isa = PBXBuildFile; fileRef = 84CC45C626F07C61007210CA /* WebViewController.m */; };
		84CC45D626F07C61007210CA /* error_dbx.html in Resources */ = {isa = PBXBuildFile; fileRef = 84CC45C726F07C61007210CA /* error_dbx.html */; };
		84CC45D726F07C61007210CA /* webView.js in Resources */ = {isa = PBXBuildFile; fileRef = 84CC45C826F07C61007210CA /* webView.js */; };
		84CC45D926F07C61007210CA /* BaseController.m in Sources */ = {isa = PBXBuildFile; fileRef = 84CC45CD26F07C61007210CA /* BaseController.m */; };
		84CC45DA26F07C61007210CA /* BaseNavigationController.m in Sources */ = {isa = PBXBuildFile; fileRef = 84CC45CE26F07C61007210CA /* BaseNavigationController.m */; };
		84CC45DE26F0856F007210CA /* Tool.m in Sources */ = {isa = PBXBuildFile; fileRef = 84CC45DD26F0856F007210CA /* Tool.m */; };
		84CC45E126F0984F007210CA /* UIColor+Category.m in Sources */ = {isa = PBXBuildFile; fileRef = 84CC45E026F0984F007210CA /* UIColor+Category.m */; };
		84CC45E626F09C16007210CA /* NSString+Category.m in Sources */ = {isa = PBXBuildFile; fileRef = 84CC45E326F09C16007210CA /* NSString+Category.m */; };
		84CC45E726F09C16007210CA /* UIView+Category.m in Sources */ = {isa = PBXBuildFile; fileRef = 84CC45E526F09C16007210CA /* UIView+Category.m */; };
		84CC45EA26F09CF7007210CA /* NSDate+Category.m in Sources */ = {isa = PBXBuildFile; fileRef = 84CC45E826F09CF7007210CA /* NSDate+Category.m */; };
		84CC45F326F09F06007210CA /* NSObject+Category.m in Sources */ = {isa = PBXBuildFile; fileRef = 84CC45EB26F09F06007210CA /* NSObject+Category.m */; };
		84CC45F426F09F06007210CA /* NSDictionary+Category.m in Sources */ = {isa = PBXBuildFile; fileRef = 84CC45EC26F09F06007210CA /* NSDictionary+Category.m */; };
		84CC45F526F09F06007210CA /* NSArray+Category.m in Sources */ = {isa = PBXBuildFile; fileRef = 84CC45ED26F09F06007210CA /* NSArray+Category.m */; };
		84CC45F626F09F06007210CA /* UITableViewCell+Category.m in Sources */ = {isa = PBXBuildFile; fileRef = 84CC45F226F09F06007210CA /* UITableViewCell+Category.m */; };
		84CC45F926F09FA6007210CA /* Model.m in Sources */ = {isa = PBXBuildFile; fileRef = 84CC45F826F09FA5007210CA /* Model.m */; };
		84CC45FC26F1C6AF007210CA /* UIImage+Category.m in Sources */ = {isa = PBXBuildFile; fileRef = 84CC45FB26F1C6AF007210CA /* UIImage+Category.m */; };
		84CC460226F1CEAD007210CA /* UIApplication+Category.m in Sources */ = {isa = PBXBuildFile; fileRef = 84CC460126F1CEAD007210CA /* UIApplication+Category.m */; };
		84CC460526F1D051007210CA /* AVAsset+Category.m in Sources */ = {isa = PBXBuildFile; fileRef = 84CC460426F1D051007210CA /* AVAsset+Category.m */; };
		84CC460926F1DBFE007210CA /* YBIBDefaultWebImageMediator.m in Sources */ = {isa = PBXBuildFile; fileRef = 84CC460826F1DBFE007210CA /* YBIBDefaultWebImageMediator.m */; };
		84CC460C26F1EE0F007210CA /* NetworkingStatus.m in Sources */ = {isa = PBXBuildFile; fileRef = 84CC460B26F1EE0F007210CA /* NetworkingStatus.m */; };
		84CC460F26F1F663007210CA /* DBXToast.m in Sources */ = {isa = PBXBuildFile; fileRef = 84CC460D26F1F663007210CA /* DBXToast.m */; };
		84CC461226F1F775007210CA /* DBXImagePicker.m in Sources */ = {isa = PBXBuildFile; fileRef = 84CC461026F1F775007210CA /* DBXImagePicker.m */; };
		84CC461626F1F877007210CA /* DBXImagePickerController.m in Sources */ = {isa = PBXBuildFile; fileRef = 84CC461526F1F877007210CA /* DBXImagePickerController.m */; };
		84CC461926F2DBAF007210CA /* JSService.m in Sources */ = {isa = PBXBuildFile; fileRef = 84CC461826F2DBAF007210CA /* JSService.m */; };
		84CC461D26F2E780007210CA /* TitleService.m in Sources */ = {isa = PBXBuildFile; fileRef = 84CC461C26F2E780007210CA /* TitleService.m */; };
		84CC462026F31E5B007210CA /* OptionMenuService.m in Sources */ = {isa = PBXBuildFile; fileRef = 84CC461F26F31E5B007210CA /* OptionMenuService.m */; };
		84CC462326F31F5E007210CA /* PushWindowService.m in Sources */ = {isa = PBXBuildFile; fileRef = 84CC462226F31F5E007210CA /* PushWindowService.m */; };
		84CC462626F320C3007210CA /* popWindowService.m in Sources */ = {isa = PBXBuildFile; fileRef = 84CC462526F320C3007210CA /* popWindowService.m */; };
		84CC462926F3272A007210CA /* choseImgService.m in Sources */ = {isa = PBXBuildFile; fileRef = 84CC462826F3272A007210CA /* choseImgService.m */; };
		84CC462C26F32740007210CA /* showGalleryService.m in Sources */ = {isa = PBXBuildFile; fileRef = 84CC462B26F32740007210CA /* showGalleryService.m */; };
		84CC462F26F32758007210CA /* showToastService.m in Sources */ = {isa = PBXBuildFile; fileRef = 84CC462E26F32758007210CA /* showToastService.m */; };
		84CC463226F327C3007210CA /* autolockScreenService.m in Sources */ = {isa = PBXBuildFile; fileRef = 84CC463126F327C3007210CA /* autolockScreenService.m */; };
		84CC463526F32CCE007210CA /* choseFileService.m in Sources */ = {isa = PBXBuildFile; fileRef = 84CC463426F32CCE007210CA /* choseFileService.m */; };
		84CC463826F32D03007210CA /* uploadService.m in Sources */ = {isa = PBXBuildFile; fileRef = 84CC463726F32D03007210CA /* uploadService.m */; };
		84CC463B26F34124007210CA /* OSSUpload.m in Sources */ = {isa = PBXBuildFile; fileRef = 84CC463A26F34124007210CA /* OSSUpload.m */; };
		84CC464126FB23A5007210CA /* ScanController.m in Sources */ = {isa = PBXBuildFile; fileRef = 84CC463F26FB23A5007210CA /* ScanController.m */; };
		84CC464426FB28AC007210CA /* QRService.m in Sources */ = {isa = PBXBuildFile; fileRef = 84CC464326FB28AC007210CA /* QRService.m */; };
		84CC464826FB5CE1007210CA /* GuideViewController.m in Sources */ = {isa = PBXBuildFile; fileRef = 84CC464726FB5CE1007210CA /* GuideViewController.m */; };
		84CC464B26FB5E33007210CA /* WeChatLoginService.m in Sources */ = {isa = PBXBuildFile; fileRef = 84CC464A26FB5E33007210CA /* WeChatLoginService.m */; };
		84CC464E26FB5E4D007210CA /* OneKeyLoginService.m in Sources */ = {isa = PBXBuildFile; fileRef = 84CC464D26FB5E4D007210CA /* OneKeyLoginService.m */; };
		84CC465126FB5E91007210CA /* socialLoginService.m in Sources */ = {isa = PBXBuildFile; fileRef = 84CC465026FB5E91007210CA /* socialLoginService.m */; };
		84CC465726FC616D007210CA /* YTXOperators.framework in Frameworks */ = {isa = PBXBuildFile; fileRef = 84CC465426FC616D007210CA /* YTXOperators.framework */; };
		84CC465826FC616D007210CA /* YTXMonitor.framework in Frameworks */ = {isa = PBXBuildFile; fileRef = 84CC465526FC616D007210CA /* YTXMonitor.framework */; };
		84CC465926FC616D007210CA /* ATAuthSDK.framework in Frameworks */ = {isa = PBXBuildFile; fileRef = 84CC465626FC616D007210CA /* ATAuthSDK.framework */; };
		84CC465B26FC66E7007210CA /* ATAuthSDK.bundle in Resources */ = {isa = PBXBuildFile; fileRef = 84CC465A26FC66E7007210CA /* ATAuthSDK.bundle */; };
		84CC466026FC7148007210CA /* bg_custom_toast@3x.png in Resources */ = {isa = PBXBuildFile; fileRef = 84CC465D26FC7148007210CA /* bg_custom_toast@3x.png */; };
		84CC466126FC7148007210CA /* bg_custom_toast.png in Resources */ = {isa = PBXBuildFile; fileRef = 84CC465E26FC7148007210CA /* bg_custom_toast.png */; };
		84CC466226FC7148007210CA /* bg_custom_toast@2x.png in Resources */ = {isa = PBXBuildFile; fileRef = 84CC465F26FC7148007210CA /* bg_custom_toast@2x.png */; };
		84CC466926FC717C007210CA /* icon_custom_toast_fail@2x.png in Resources */ = {isa = PBXBuildFile; fileRef = 84CC466326FC717C007210CA /* icon_custom_toast_fail@2x.png */; };
		84CC466A26FC717C007210CA /* icon_custom_success@3x.png in Resources */ = {isa = PBXBuildFile; fileRef = 84CC466426FC717C007210CA /* icon_custom_success@3x.png */; };
		84CC466B26FC717C007210CA /* icon_custom_success.png in Resources */ = {isa = PBXBuildFile; fileRef = 84CC466526FC717C007210CA /* icon_custom_success.png */; };
		84CC466C26FC717C007210CA /* icon_custom_success@2x.png in Resources */ = {isa = PBXBuildFile; fileRef = 84CC466626FC717C007210CA /* icon_custom_success@2x.png */; };
		84CC466D26FC717C007210CA /* icon_custom_toast_fail.png in Resources */ = {isa = PBXBuildFile; fileRef = 84CC466726FC717C007210CA /* icon_custom_toast_fail.png */; };
		84CC466E26FC717C007210CA /* icon_custom_toast_fail@3x.png in Resources */ = {isa = PBXBuildFile; fileRef = 84CC466826FC717C007210CA /* icon_custom_toast_fail@3x.png */; };
		84CC467426FC86D9007210CA /* back@2x.png in Resources */ = {isa = PBXBuildFile; fileRef = 84CC467126FC86D9007210CA /* back@2x.png */; };
		84CC467526FC86D9007210CA /* back@3x.png in Resources */ = {isa = PBXBuildFile; fileRef = 84CC467226FC86D9007210CA /* back@3x.png */; };
		84CC467626FC86D9007210CA /* back.png in Resources */ = {isa = PBXBuildFile; fileRef = 84CC467326FC86D9007210CA /* back.png */; };
		84CC467827000ED4007210CA /* config.plist in Resources */ = {isa = PBXBuildFile; fileRef = 84CC467727000ED4007210CA /* config.plist */; };
		84CC46A72700955D007210CA /* tab_release_h@2x.png in Resources */ = {isa = PBXBuildFile; fileRef = 84CC467A2700955D007210CA /* tab_release_h@2x.png */; };
		84CC46A82700955D007210CA /* tab_work_h@3x.png in Resources */ = {isa = PBXBuildFile; fileRef = 84CC467B2700955D007210CA /* tab_work_h@3x.png */; };
		84CC46A92700955D007210CA /* tab_work.png in Resources */ = {isa = PBXBuildFile; fileRef = 84CC467C2700955D007210CA /* tab_work.png */; };
		84CC46AA2700955D007210CA /* tab_map_h@2x.png in Resources */ = {isa = PBXBuildFile; fileRef = 84CC467D2700955D007210CA /* tab_map_h@2x.png */; };
		84CC46AB2700955D007210CA /* tab_work_h.png in Resources */ = {isa = PBXBuildFile; fileRef = 84CC467E2700955D007210CA /* tab_work_h.png */; };
		84CC46AC2700955D007210CA /* tab_map_h@3x.png in Resources */ = {isa = PBXBuildFile; fileRef = 84CC467F2700955D007210CA /* tab_map_h@3x.png */; };
		84CC46AD2700955D007210CA /* tab_user_h.png in Resources */ = {isa = PBXBuildFile; fileRef = 84CC46802700955D007210CA /* tab_user_h.png */; };
		84CC46AE2700955D007210CA /* tab_home_h.png in Resources */ = {isa = PBXBuildFile; fileRef = 84CC46812700955D007210CA /* tab_home_h.png */; };
		84CC46AF2700955D007210CA /* tab_release_h@3x.png in Resources */ = {isa = PBXBuildFile; fileRef = 84CC46822700955D007210CA /* tab_release_h@3x.png */; };
		84CC46B02700955D007210CA /* tab_work_h@2x.png in Resources */ = {isa = PBXBuildFile; fileRef = 84CC46832700955D007210CA /* tab_work_h@2x.png */; };
		84CC46B12700955D007210CA /* study.png in Resources */ = {isa = PBXBuildFile; fileRef = 84CC46842700955D007210CA /* study.png */; };
		84CC46B22700955D007210CA /* tabShadow@2x.png in Resources */ = {isa = PBXBuildFile; fileRef = 84CC46852700955D007210CA /* tabShadow@2x.png */; };
		84CC46B32700955D007210CA /* tab_danger_h@2x.png in Resources */ = {isa = PBXBuildFile; fileRef = 84CC46862700955D007210CA /* tab_danger_h@2x.png */; };
		84CC46B42700955D007210CA /* study_h.png in Resources */ = {isa = PBXBuildFile; fileRef = 84CC46872700955D007210CA /* study_h.png */; };
		84CC46B52700955D007210CA /* tab_release.png in Resources */ = {isa = PBXBuildFile; fileRef = 84CC46882700955D007210CA /* tab_release.png */; };
		84CC46B62700955D007210CA /* tab_release@3x.png in Resources */ = {isa = PBXBuildFile; fileRef = 84CC46892700955D007210CA /* tab_release@3x.png */; };
		84CC46B72700955D007210CA /* tab_danger@2x.png in Resources */ = {isa = PBXBuildFile; fileRef = 84CC468A2700955D007210CA /* tab_danger@2x.png */; };
		84CC46B82700955D007210CA /* tab_user_h@3x.png in Resources */ = {isa = PBXBuildFile; fileRef = 84CC468B2700955D007210CA /* tab_user_h@3x.png */; };
		84CC46B92700955D007210CA /* tab_user@3x.png in Resources */ = {isa = PBXBuildFile; fileRef = 84CC468C2700955D007210CA /* tab_user@3x.png */; };
		84CC46BA2700955D007210CA /* tab_map.png in Resources */ = {isa = PBXBuildFile; fileRef = 84CC468D2700955D007210CA /* tab_map.png */; };
		84CC46BB2700955D007210CA /* tab_user@2x.png in Resources */ = {isa = PBXBuildFile; fileRef = 84CC468E2700955D007210CA /* tab_user@2x.png */; };
		84CC46BC2700955D007210CA /* tab_user.png in Resources */ = {isa = PBXBuildFile; fileRef = 84CC468F2700955D007210CA /* tab_user.png */; };
		84CC46BD2700955D007210CA /* tab_user_h@2x.png in Resources */ = {isa = PBXBuildFile; fileRef = 84CC46902700955D007210CA /* tab_user_h@2x.png */; };
		84CC46BE2700955D007210CA /* tab_home.png in Resources */ = {isa = PBXBuildFile; fileRef = 84CC46912700955D007210CA /* tab_home.png */; };
		84CC46BF2700955E007210CA /* tab_danger@3x.png in Resources */ = {isa = PBXBuildFile; fileRef = 84CC46922700955D007210CA /* tab_danger@3x.png */; };
		84CC46C02700955E007210CA /* tab_release@2x.png in Resources */ = {isa = PBXBuildFile; fileRef = 84CC46932700955D007210CA /* tab_release@2x.png */; };
		84CC46C12700955E007210CA /* tab_danger_h@3x.png in Resources */ = {isa = PBXBuildFile; fileRef = 84CC46942700955D007210CA /* tab_danger_h@3x.png */; };
		84CC46C22700955E007210CA /* tabShadow@3x.png in Resources */ = {isa = PBXBuildFile; fileRef = 84CC46952700955D007210CA /* tabShadow@3x.png */; };
		84CC46C32700955E007210CA /* tab_home_h@2x.png in Resources */ = {isa = PBXBuildFile; fileRef = 84CC46962700955D007210CA /* tab_home_h@2x.png */; };
		84CC46C42700955E007210CA /* tab_danger.png in Resources */ = {isa = PBXBuildFile; fileRef = 84CC46972700955D007210CA /* tab_danger.png */; };
		84CC46C52700955E007210CA /* tab_work@2x.png in Resources */ = {isa = PBXBuildFile; fileRef = 84CC46982700955D007210CA /* tab_work@2x.png */; };
		84CC46C62700955E007210CA /* tab_home@2x.png in Resources */ = {isa = PBXBuildFile; fileRef = 84CC46992700955D007210CA /* tab_home@2x.png */; };
		84CC46C72700955E007210CA /* study_h@2x.png in Resources */ = {isa = PBXBuildFile; fileRef = 84CC469A2700955D007210CA /* study_h@2x.png */; };
		84CC46C82700955E007210CA /* study_h@3x.png in Resources */ = {isa = PBXBuildFile; fileRef = 84CC469B2700955D007210CA /* study_h@3x.png */; };
		84CC46C92700955E007210CA /* tab_danger_h.png in Resources */ = {isa = PBXBuildFile; fileRef = 84CC469C2700955D007210CA /* tab_danger_h.png */; };
		84CC46CA2700955E007210CA /* tab_home@3x.png in Resources */ = {isa = PBXBuildFile; fileRef = 84CC469D2700955D007210CA /* tab_home@3x.png */; };
		84CC46CB2700955E007210CA /* tabShadow.png in Resources */ = {isa = PBXBuildFile; fileRef = 84CC469E2700955D007210CA /* tabShadow.png */; };
		84CC46CC2700955E007210CA /* tab_work@3x.png in Resources */ = {isa = PBXBuildFile; fileRef = 84CC469F2700955D007210CA /* tab_work@3x.png */; };
		84CC46CD2700955E007210CA /* tab_home_h@3x.png in Resources */ = {isa = PBXBuildFile; fileRef = 84CC46A02700955D007210CA /* tab_home_h@3x.png */; };
		84CC46CE2700955E007210CA /* tab_map@2x.png in Resources */ = {isa = PBXBuildFile; fileRef = 84CC46A12700955D007210CA /* tab_map@2x.png */; };
		84CC46CF2700955E007210CA /* study@3x.png in Resources */ = {isa = PBXBuildFile; fileRef = 84CC46A22700955D007210CA /* study@3x.png */; };
		84CC46D02700955E007210CA /* tab_map_h@1x.png in Resources */ = {isa = PBXBuildFile; fileRef = 84CC46A32700955D007210CA /* tab_map_h@1x.png */; };
		84CC46D12700955E007210CA /* study@2x.png in Resources */ = {isa = PBXBuildFile; fileRef = 84CC46A42700955D007210CA /* study@2x.png */; };
		84CC46D22700955E007210CA /* tab_map@3x.png in Resources */ = {isa = PBXBuildFile; fileRef = 84CC46A52700955D007210CA /* tab_map@3x.png */; };
		84CC46D32700955E007210CA /* tab_release_h.png in Resources */ = {isa = PBXBuildFile; fileRef = 84CC46A62700955D007210CA /* tab_release_h.png */; };
		84CC46D62701AEB1007210CA /* Suppot.m in Sources */ = {isa = PBXBuildFile; fileRef = 84CC46D52701AEB1007210CA /* Suppot.m */; };
		84CC46D92701C48D007210CA /* guide.png in Resources */ = {isa = PBXBuildFile; fileRef = 84CC46D82701C48D007210CA /* guide.png */; };
		84CC46DC2701C9F2007210CA /* guide@2x.png in Resources */ = {isa = PBXBuildFile; fileRef = 84CC46DA2701C9F2007210CA /* guide@2x.png */; };
		84CC46DD2701C9F2007210CA /* guide@3x.png in Resources */ = {isa = PBXBuildFile; fileRef = 84CC46DB2701C9F2007210CA /* guide@3x.png */; };
/* End PBXBuildFile section */

/* Begin PBXContainerItemProxy section */
		84CC459926F03A64007210CA /* PBXContainerItemProxy */ = {
			isa = PBXContainerItemProxy;
			containerPortal = 84CC457526F03A64007210CA /* Project object */;
			proxyType = 1;
			remoteGlobalIDString = 84CC457C26F03A64007210CA;
			remoteInfo = "app-nest-ios";
		};
		84CC45A426F03A64007210CA /* PBXContainerItemProxy */ = {
			isa = PBXContainerItemProxy;
			containerPortal = 84CC457526F03A64007210CA /* Project object */;
			proxyType = 1;
			remoteGlobalIDString = 84CC457C26F03A64007210CA;
			remoteInfo = "app-nest-ios";
		};
/* End PBXContainerItemProxy section */

/* Begin PBXFileReference section */
		11A6FF2A7B5151B86204FCCC /* Pods-app-nest-ios.debug.xcconfig */ = {isa = PBXFileReference; includeInIndex = 1; lastKnownFileType = text.xcconfig; name = "Pods-app-nest-ios.debug.xcconfig"; path = "Target Support Files/Pods-app-nest-ios/Pods-app-nest-ios.debug.xcconfig"; sourceTree = "<group>"; };
		18D0EB6DF4EA0EB9E9D01A69 /* libPods-app-nest-ios-app-nest-iosUITests.a */ = {isa = PBXFileReference; explicitFileType = archive.ar; includeInIndex = 0; path = "libPods-app-nest-ios-app-nest-iosUITests.a"; sourceTree = BUILT_PRODUCTS_DIR; };
		245F02838F4D1D3284CD25F5 /* Pods-app-nest-iosTests.debug.xcconfig */ = {isa = PBXFileReference; includeInIndex = 1; lastKnownFileType = text.xcconfig; name = "Pods-app-nest-iosTests.debug.xcconfig"; path = "Target Support Files/Pods-app-nest-iosTests/Pods-app-nest-iosTests.debug.xcconfig"; sourceTree = "<group>"; };
		33FC596EBD35C70074D2AC48 /* Pods-app-nest-ios-app-nest-iosUITests.debug.xcconfig */ = {isa = PBXFileReference; includeInIndex = 1; lastKnownFileType = text.xcconfig; name = "Pods-app-nest-ios-app-nest-iosUITests.debug.xcconfig"; path = "Target Support Files/Pods-app-nest-ios-app-nest-iosUITests/Pods-app-nest-ios-app-nest-iosUITests.debug.xcconfig"; sourceTree = "<group>"; };
		4ED519787D127BB7E02EF5D9 /* Pods-app-nest-ios.release.xcconfig */ = {isa = PBXFileReference; includeInIndex = 1; lastKnownFileType = text.xcconfig; name = "Pods-app-nest-ios.release.xcconfig"; path = "Target Support Files/Pods-app-nest-ios/Pods-app-nest-ios.release.xcconfig"; sourceTree = "<group>"; };
		83002597A86B9E8999B01AF4 /* Pods-app-nest-ios-app-nest-iosUITests.release.xcconfig */ = {isa = PBXFileReference; includeInIndex = 1; lastKnownFileType = text.xcconfig; name = "Pods-app-nest-ios-app-nest-iosUITests.release.xcconfig"; path = "Target Support Files/Pods-app-nest-ios-app-nest-iosUITests/Pods-app-nest-ios-app-nest-iosUITests.release.xcconfig"; sourceTree = "<group>"; };
		83593DAD8315111A85035B2F /* Pods-app-nest-iosTests.release.xcconfig */ = {isa = PBXFileReference; includeInIndex = 1; lastKnownFileType = text.xcconfig; name = "Pods-app-nest-iosTests.release.xcconfig"; path = "Target Support Files/Pods-app-nest-iosTests/Pods-app-nest-iosTests.release.xcconfig"; sourceTree = "<group>"; };
		84CC457D26F03A64007210CA /* app-nest-ios.app */ = {isa = PBXFileReference; explicitFileType = wrapper.application; includeInIndex = 0; path = "app-nest-ios.app"; sourceTree = BUILT_PRODUCTS_DIR; };
		84CC458026F03A64007210CA /* AppDelegate.h */ = {isa = PBXFileReference; lastKnownFileType = sourcecode.c.h; path = AppDelegate.h; sourceTree = "<group>"; };
		84CC458126F03A64007210CA /* AppDelegate.m */ = {isa = PBXFileReference; lastKnownFileType = sourcecode.c.objc; path = AppDelegate.m; sourceTree = "<group>"; };
		84CC458326F03A64007210CA /* SceneDelegate.h */ = {isa = PBXFileReference; lastKnownFileType = sourcecode.c.h; path = SceneDelegate.h; sourceTree = "<group>"; };
		84CC458426F03A64007210CA /* SceneDelegate.m */ = {isa = PBXFileReference; lastKnownFileType = sourcecode.c.objc; path = SceneDelegate.m; sourceTree = "<group>"; };
		84CC458626F03A64007210CA /* ViewController.h */ = {isa = PBXFileReference; lastKnownFileType = sourcecode.c.h; path = ViewController.h; sourceTree = "<group>"; };
		84CC458726F03A64007210CA /* ViewController.m */ = {isa = PBXFileReference; lastKnownFileType = sourcecode.c.objc; path = ViewController.m; sourceTree = "<group>"; };
		84CC458A26F03A64007210CA /* Base */ = {isa = PBXFileReference; lastKnownFileType = file.storyboard; name = Base; path = Base.lproj/Main.storyboard; sourceTree = "<group>"; };
		84CC458C26F03A64007210CA /* Assets.xcassets */ = {isa = PBXFileReference; lastKnownFileType = folder.assetcatalog; path = Assets.xcassets; sourceTree = "<group>"; };
		84CC458F26F03A64007210CA /* Base */ = {isa = PBXFileReference; lastKnownFileType = file.storyboard; name = Base; path = Base.lproj/LaunchScreen.storyboard; sourceTree = "<group>"; };
		84CC459126F03A64007210CA /* Info.plist */ = {isa = PBXFileReference; lastKnownFileType = text.plist.xml; path = Info.plist; sourceTree = "<group>"; };
		84CC459226F03A64007210CA /* main.m */ = {isa = PBXFileReference; lastKnownFileType = sourcecode.c.objc; path = main.m; sourceTree = "<group>"; };
		84CC459826F03A64007210CA /* app-nest-iosTests.xctest */ = {isa = PBXFileReference; explicitFileType = wrapper.cfbundle; includeInIndex = 0; path = "app-nest-iosTests.xctest"; sourceTree = BUILT_PRODUCTS_DIR; };
		84CC459C26F03A64007210CA /* app_nest_iosTests.m */ = {isa = PBXFileReference; lastKnownFileType = sourcecode.c.objc; path = app_nest_iosTests.m; sourceTree = "<group>"; };
		84CC459E26F03A64007210CA /* Info.plist */ = {isa = PBXFileReference; lastKnownFileType = text.plist.xml; path = Info.plist; sourceTree = "<group>"; };
		84CC45A326F03A64007210CA /* app-nest-iosUITests.xctest */ = {isa = PBXFileReference; explicitFileType = wrapper.cfbundle; includeInIndex = 0; path = "app-nest-iosUITests.xctest"; sourceTree = BUILT_PRODUCTS_DIR; };
		84CC45A726F03A64007210CA /* app_nest_iosUITests.m */ = {isa = PBXFileReference; lastKnownFileType = sourcecode.c.objc; path = app_nest_iosUITests.m; sourceTree = "<group>"; };
		84CC45A926F03A64007210CA /* Info.plist */ = {isa = PBXFileReference; lastKnownFileType = text.plist.xml; path = Info.plist; sourceTree = "<group>"; };
		84CC45BC26F04813007210CA /* ANFrameworks.h */ = {isa = PBXFileReference; lastKnownFileType = sourcecode.c.h; path = ANFrameworks.h; sourceTree = "<group>"; };
		84CC45BF26F06E10007210CA /* ANDefine.h */ = {isa = PBXFileReference; lastKnownFileType = sourcecode.c.h; path = ANDefine.h; sourceTree = "<group>"; };
		84CC45C126F07C61007210CA /* RootController.h */ = {isa = PBXFileReference; fileEncoding = 4; lastKnownFileType = sourcecode.c.h; path = RootController.h; sourceTree = "<group>"; };
		84CC45C326F07C61007210CA /* RootController.m */ = {isa = PBXFileReference; fileEncoding = 4; lastKnownFileType = sourcecode.c.objc; path = RootController.m; sourceTree = "<group>"; };
		84CC45C526F07C61007210CA /* CloseWebController.m */ = {isa = PBXFileReference; fileEncoding = 4; lastKnownFileType = sourcecode.c.objc; path = CloseWebController.m; sourceTree = "<group>"; };
		84CC45C626F07C61007210CA /* WebViewController.m */ = {isa = PBXFileReference; fileEncoding = 4; lastKnownFileType = sourcecode.c.objc; path = WebViewController.m; sourceTree = "<group>"; };
		84CC45C726F07C61007210CA /* error_dbx.html */ = {isa = PBXFileReference; fileEncoding = 4; lastKnownFileType = text.html; path = error_dbx.html; sourceTree = "<group>"; };
		84CC45C826F07C61007210CA /* webView.js */ = {isa = PBXFileReference; fileEncoding = 4; lastKnownFileType = sourcecode.javascript; path = webView.js; sourceTree = "<group>"; };
		84CC45CA26F07C61007210CA /* CloseWebController.h */ = {isa = PBXFileReference; fileEncoding = 4; lastKnownFileType = sourcecode.c.h; path = CloseWebController.h; sourceTree = "<group>"; };
		84CC45CB26F07C61007210CA /* WebViewController.h */ = {isa = PBXFileReference; fileEncoding = 4; lastKnownFileType = sourcecode.c.h; path = WebViewController.h; sourceTree = "<group>"; };
		84CC45CD26F07C61007210CA /* BaseController.m */ = {isa = PBXFileReference; fileEncoding = 4; lastKnownFileType = sourcecode.c.objc; path = BaseController.m; sourceTree = "<group>"; };
		84CC45CE26F07C61007210CA /* BaseNavigationController.m */ = {isa = PBXFileReference; fileEncoding = 4; lastKnownFileType = sourcecode.c.objc; path = BaseNavigationController.m; sourceTree = "<group>"; };
		84CC45CF26F07C61007210CA /* BaseController.h */ = {isa = PBXFileReference; fileEncoding = 4; lastKnownFileType = sourcecode.c.h; path = BaseController.h; sourceTree = "<group>"; };
		84CC45D126F07C61007210CA /* BaseNavigationController.h */ = {isa = PBXFileReference; fileEncoding = 4; lastKnownFileType = sourcecode.c.h; path = BaseNavigationController.h; sourceTree = "<group>"; };
		84CC45DC26F0856F007210CA /* Tool.h */ = {isa = PBXFileReference; fileEncoding = 4; lastKnownFileType = sourcecode.c.h; path = Tool.h; sourceTree = "<group>"; };
		84CC45DD26F0856F007210CA /* Tool.m */ = {isa = PBXFileReference; fileEncoding = 4; lastKnownFileType = sourcecode.c.objc; path = Tool.m; sourceTree = "<group>"; };
		84CC45DF26F0984F007210CA /* UIColor+Category.h */ = {isa = PBXFileReference; fileEncoding = 4; lastKnownFileType = sourcecode.c.h; path = "UIColor+Category.h"; sourceTree = "<group>"; };
		84CC45E026F0984F007210CA /* UIColor+Category.m */ = {isa = PBXFileReference; fileEncoding = 4; lastKnownFileType = sourcecode.c.objc; path = "UIColor+Category.m"; sourceTree = "<group>"; };
		84CC45E226F09C16007210CA /* NSString+Category.h */ = {isa = PBXFileReference; fileEncoding = 4; lastKnownFileType = sourcecode.c.h; path = "NSString+Category.h"; sourceTree = "<group>"; };
		84CC45E326F09C16007210CA /* NSString+Category.m */ = {isa = PBXFileReference; fileEncoding = 4; lastKnownFileType = sourcecode.c.objc; path = "NSString+Category.m"; sourceTree = "<group>"; };
		84CC45E426F09C16007210CA /* UIView+Category.h */ = {isa = PBXFileReference; fileEncoding = 4; lastKnownFileType = sourcecode.c.h; path = "UIView+Category.h"; sourceTree = "<group>"; };
		84CC45E526F09C16007210CA /* UIView+Category.m */ = {isa = PBXFileReference; fileEncoding = 4; lastKnownFileType = sourcecode.c.objc; path = "UIView+Category.m"; sourceTree = "<group>"; };
		84CC45E826F09CF7007210CA /* NSDate+Category.m */ = {isa = PBXFileReference; fileEncoding = 4; lastKnownFileType = sourcecode.c.objc; path = "NSDate+Category.m"; sourceTree = "<group>"; };
		84CC45E926F09CF7007210CA /* NSDate+Category.h */ = {isa = PBXFileReference; fileEncoding = 4; lastKnownFileType = sourcecode.c.h; path = "NSDate+Category.h"; sourceTree = "<group>"; };
		84CC45EB26F09F06007210CA /* NSObject+Category.m */ = {isa = PBXFileReference; fileEncoding = 4; lastKnownFileType = sourcecode.c.objc; path = "NSObject+Category.m"; sourceTree = "<group>"; };
		84CC45EC26F09F06007210CA /* NSDictionary+Category.m */ = {isa = PBXFileReference; fileEncoding = 4; lastKnownFileType = sourcecode.c.objc; path = "NSDictionary+Category.m"; sourceTree = "<group>"; };
		84CC45ED26F09F06007210CA /* NSArray+Category.m */ = {isa = PBXFileReference; fileEncoding = 4; lastKnownFileType = sourcecode.c.objc; path = "NSArray+Category.m"; sourceTree = "<group>"; };
		84CC45EE26F09F06007210CA /* NSObject+Category.h */ = {isa = PBXFileReference; fileEncoding = 4; lastKnownFileType = sourcecode.c.h; path = "NSObject+Category.h"; sourceTree = "<group>"; };
		84CC45EF26F09F06007210CA /* NSDictionary+Category.h */ = {isa = PBXFileReference; fileEncoding = 4; lastKnownFileType = sourcecode.c.h; path = "NSDictionary+Category.h"; sourceTree = "<group>"; };
		84CC45F026F09F06007210CA /* NSArray+Category.h */ = {isa = PBXFileReference; fileEncoding = 4; lastKnownFileType = sourcecode.c.h; path = "NSArray+Category.h"; sourceTree = "<group>"; };
		84CC45F126F09F06007210CA /* UITableViewCell+Category.h */ = {isa = PBXFileReference; fileEncoding = 4; lastKnownFileType = sourcecode.c.h; path = "UITableViewCell+Category.h"; sourceTree = "<group>"; };
		84CC45F226F09F06007210CA /* UITableViewCell+Category.m */ = {isa = PBXFileReference; fileEncoding = 4; lastKnownFileType = sourcecode.c.objc; path = "UITableViewCell+Category.m"; sourceTree = "<group>"; };
		84CC45F726F09FA5007210CA /* Model.h */ = {isa = PBXFileReference; fileEncoding = 4; lastKnownFileType = sourcecode.c.h; path = Model.h; sourceTree = "<group>"; };
		84CC45F826F09FA5007210CA /* Model.m */ = {isa = PBXFileReference; fileEncoding = 4; lastKnownFileType = sourcecode.c.objc; path = Model.m; sourceTree = "<group>"; };
		84CC45FA26F1C6AF007210CA /* UIImage+Category.h */ = {isa = PBXFileReference; fileEncoding = 4; lastKnownFileType = sourcecode.c.h; path = "UIImage+Category.h"; sourceTree = "<group>"; };
		84CC45FB26F1C6AF007210CA /* UIImage+Category.m */ = {isa = PBXFileReference; fileEncoding = 4; lastKnownFileType = sourcecode.c.objc; path = "UIImage+Category.m"; sourceTree = "<group>"; };
		84CC460026F1CEAD007210CA /* UIApplication+Category.h */ = {isa = PBXFileReference; lastKnownFileType = sourcecode.c.h; path = "UIApplication+Category.h"; sourceTree = "<group>"; };
		84CC460126F1CEAD007210CA /* UIApplication+Category.m */ = {isa = PBXFileReference; lastKnownFileType = sourcecode.c.objc; path = "UIApplication+Category.m"; sourceTree = "<group>"; };
		84CC460326F1D051007210CA /* AVAsset+Category.h */ = {isa = PBXFileReference; lastKnownFileType = sourcecode.c.h; path = "AVAsset+Category.h"; sourceTree = "<group>"; };
		84CC460426F1D051007210CA /* AVAsset+Category.m */ = {isa = PBXFileReference; lastKnownFileType = sourcecode.c.objc; path = "AVAsset+Category.m"; sourceTree = "<group>"; };
		84CC460726F1DBFE007210CA /* YBIBDefaultWebImageMediator.h */ = {isa = PBXFileReference; lastKnownFileType = sourcecode.c.h; path = YBIBDefaultWebImageMediator.h; sourceTree = "<group>"; };
		84CC460826F1DBFE007210CA /* YBIBDefaultWebImageMediator.m */ = {isa = PBXFileReference; lastKnownFileType = sourcecode.c.objc; path = YBIBDefaultWebImageMediator.m; sourceTree = "<group>"; };
		84CC460A26F1EE0F007210CA /* NetworkingStatus.h */ = {isa = PBXFileReference; lastKnownFileType = sourcecode.c.h; path = NetworkingStatus.h; sourceTree = "<group>"; };
		84CC460B26F1EE0F007210CA /* NetworkingStatus.m */ = {isa = PBXFileReference; lastKnownFileType = sourcecode.c.objc; path = NetworkingStatus.m; sourceTree = "<group>"; };
		84CC460D26F1F663007210CA /* DBXToast.m */ = {isa = PBXFileReference; fileEncoding = 4; lastKnownFileType = sourcecode.c.objc; path = DBXToast.m; sourceTree = "<group>"; };
		84CC460E26F1F663007210CA /* DBXToast.h */ = {isa = PBXFileReference; fileEncoding = 4; lastKnownFileType = sourcecode.c.h; path = DBXToast.h; sourceTree = "<group>"; };
		84CC461026F1F775007210CA /* DBXImagePicker.m */ = {isa = PBXFileReference; fileEncoding = 4; lastKnownFileType = sourcecode.c.objc; path = DBXImagePicker.m; sourceTree = "<group>"; };
		84CC461126F1F775007210CA /* DBXImagePicker.h */ = {isa = PBXFileReference; fileEncoding = 4; lastKnownFileType = sourcecode.c.h; path = DBXImagePicker.h; sourceTree = "<group>"; };
		84CC461426F1F877007210CA /* DBXImagePickerController.h */ = {isa = PBXFileReference; fileEncoding = 4; lastKnownFileType = sourcecode.c.h; path = DBXImagePickerController.h; sourceTree = "<group>"; };
		84CC461526F1F877007210CA /* DBXImagePickerController.m */ = {isa = PBXFileReference; fileEncoding = 4; lastKnownFileType = sourcecode.c.objc; path = DBXImagePickerController.m; sourceTree = "<group>"; };
		84CC461726F2DBAF007210CA /* JSService.h */ = {isa = PBXFileReference; lastKnownFileType = sourcecode.c.h; path = JSService.h; sourceTree = "<group>"; };
		84CC461826F2DBAF007210CA /* JSService.m */ = {isa = PBXFileReference; lastKnownFileType = sourcecode.c.objc; path = JSService.m; sourceTree = "<group>"; };
		84CC461B26F2E780007210CA /* TitleService.h */ = {isa = PBXFileReference; lastKnownFileType = sourcecode.c.h; path = TitleService.h; sourceTree = "<group>"; };
		84CC461C26F2E780007210CA /* TitleService.m */ = {isa = PBXFileReference; lastKnownFileType = sourcecode.c.objc; path = TitleService.m; sourceTree = "<group>"; };
		84CC461E26F31E5B007210CA /* OptionMenuService.h */ = {isa = PBXFileReference; lastKnownFileType = sourcecode.c.h; path = OptionMenuService.h; sourceTree = "<group>"; };
		84CC461F26F31E5B007210CA /* OptionMenuService.m */ = {isa = PBXFileReference; lastKnownFileType = sourcecode.c.objc; path = OptionMenuService.m; sourceTree = "<group>"; };
		84CC462126F31F5E007210CA /* PushWindowService.h */ = {isa = PBXFileReference; lastKnownFileType = sourcecode.c.h; path = PushWindowService.h; sourceTree = "<group>"; };
		84CC462226F31F5E007210CA /* PushWindowService.m */ = {isa = PBXFileReference; lastKnownFileType = sourcecode.c.objc; path = PushWindowService.m; sourceTree = "<group>"; };
		84CC462426F320C3007210CA /* popWindowService.h */ = {isa = PBXFileReference; lastKnownFileType = sourcecode.c.h; path = popWindowService.h; sourceTree = "<group>"; };
		84CC462526F320C3007210CA /* popWindowService.m */ = {isa = PBXFileReference; lastKnownFileType = sourcecode.c.objc; path = popWindowService.m; sourceTree = "<group>"; };
		84CC462726F3272A007210CA /* choseImgService.h */ = {isa = PBXFileReference; lastKnownFileType = sourcecode.c.h; path = choseImgService.h; sourceTree = "<group>"; };
		84CC462826F3272A007210CA /* choseImgService.m */ = {isa = PBXFileReference; lastKnownFileType = sourcecode.c.objc; path = choseImgService.m; sourceTree = "<group>"; };
		84CC462A26F32740007210CA /* showGalleryService.h */ = {isa = PBXFileReference; lastKnownFileType = sourcecode.c.h; path = showGalleryService.h; sourceTree = "<group>"; };
		84CC462B26F32740007210CA /* showGalleryService.m */ = {isa = PBXFileReference; lastKnownFileType = sourcecode.c.objc; path = showGalleryService.m; sourceTree = "<group>"; };
		84CC462D26F32758007210CA /* showToastService.h */ = {isa = PBXFileReference; lastKnownFileType = sourcecode.c.h; path = showToastService.h; sourceTree = "<group>"; };
		84CC462E26F32758007210CA /* showToastService.m */ = {isa = PBXFileReference; lastKnownFileType = sourcecode.c.objc; path = showToastService.m; sourceTree = "<group>"; };
		84CC463026F327C3007210CA /* autolockScreenService.h */ = {isa = PBXFileReference; lastKnownFileType = sourcecode.c.h; path = autolockScreenService.h; sourceTree = "<group>"; };
		84CC463126F327C3007210CA /* autolockScreenService.m */ = {isa = PBXFileReference; lastKnownFileType = sourcecode.c.objc; path = autolockScreenService.m; sourceTree = "<group>"; };
		84CC463326F32CCE007210CA /* choseFileService.h */ = {isa = PBXFileReference; lastKnownFileType = sourcecode.c.h; path = choseFileService.h; sourceTree = "<group>"; };
		84CC463426F32CCE007210CA /* choseFileService.m */ = {isa = PBXFileReference; lastKnownFileType = sourcecode.c.objc; path = choseFileService.m; sourceTree = "<group>"; };
		84CC463626F32D03007210CA /* uploadService.h */ = {isa = PBXFileReference; lastKnownFileType = sourcecode.c.h; path = uploadService.h; sourceTree = "<group>"; };
		84CC463726F32D03007210CA /* uploadService.m */ = {isa = PBXFileReference; lastKnownFileType = sourcecode.c.objc; path = uploadService.m; sourceTree = "<group>"; };
		84CC463926F34124007210CA /* OSSUpload.h */ = {isa = PBXFileReference; fileEncoding = 4; lastKnownFileType = sourcecode.c.h; path = OSSUpload.h; sourceTree = "<group>"; };
		84CC463A26F34124007210CA /* OSSUpload.m */ = {isa = PBXFileReference; fileEncoding = 4; lastKnownFileType = sourcecode.c.objc; path = OSSUpload.m; sourceTree = "<group>"; };
		84CC463F26FB23A5007210CA /* ScanController.m */ = {isa = PBXFileReference; fileEncoding = 4; lastKnownFileType = sourcecode.c.objc; path = ScanController.m; sourceTree = "<group>"; };
		84CC464026FB23A5007210CA /* ScanController.h */ = {isa = PBXFileReference; fileEncoding = 4; lastKnownFileType = sourcecode.c.h; path = ScanController.h; sourceTree = "<group>"; };
		84CC464226FB28AC007210CA /* QRService.h */ = {isa = PBXFileReference; lastKnownFileType = sourcecode.c.h; path = QRService.h; sourceTree = "<group>"; };
		84CC464326FB28AC007210CA /* QRService.m */ = {isa = PBXFileReference; lastKnownFileType = sourcecode.c.objc; path = QRService.m; sourceTree = "<group>"; };
		84CC464626FB5CE1007210CA /* GuideViewController.h */ = {isa = PBXFileReference; fileEncoding = 4; lastKnownFileType = sourcecode.c.h; path = GuideViewController.h; sourceTree = "<group>"; };
		84CC464726FB5CE1007210CA /* GuideViewController.m */ = {isa = PBXFileReference; fileEncoding = 4; lastKnownFileType = sourcecode.c.objc; path = GuideViewController.m; sourceTree = "<group>"; };
		84CC464926FB5E33007210CA /* WeChatLoginService.h */ = {isa = PBXFileReference; lastKnownFileType = sourcecode.c.h; path = WeChatLoginService.h; sourceTree = "<group>"; };
		84CC464A26FB5E33007210CA /* WeChatLoginService.m */ = {isa = PBXFileReference; lastKnownFileType = sourcecode.c.objc; path = WeChatLoginService.m; sourceTree = "<group>"; };
		84CC464C26FB5E4D007210CA /* OneKeyLoginService.h */ = {isa = PBXFileReference; lastKnownFileType = sourcecode.c.h; path = OneKeyLoginService.h; sourceTree = "<group>"; };
		84CC464D26FB5E4D007210CA /* OneKeyLoginService.m */ = {isa = PBXFileReference; lastKnownFileType = sourcecode.c.objc; path = OneKeyLoginService.m; sourceTree = "<group>"; };
		84CC464F26FB5E91007210CA /* socialLoginService.h */ = {isa = PBXFileReference; lastKnownFileType = sourcecode.c.h; path = socialLoginService.h; sourceTree = "<group>"; };
		84CC465026FB5E91007210CA /* socialLoginService.m */ = {isa = PBXFileReference; lastKnownFileType = sourcecode.c.objc; path = socialLoginService.m; sourceTree = "<group>"; };
		84CC465426FC616D007210CA /* YTXOperators.framework */ = {isa = PBXFileReference; lastKnownFileType = wrapper.framework; path = YTXOperators.framework; sourceTree = "<group>"; };
		84CC465526FC616D007210CA /* YTXMonitor.framework */ = {isa = PBXFileReference; lastKnownFileType = wrapper.framework; path = YTXMonitor.framework; sourceTree = "<group>"; };
		84CC465626FC616D007210CA /* ATAuthSDK.framework */ = {isa = PBXFileReference; lastKnownFileType = wrapper.framework; path = ATAuthSDK.framework; sourceTree = "<group>"; };
		84CC465A26FC66E7007210CA /* ATAuthSDK.bundle */ = {isa = PBXFileReference; lastKnownFileType = "wrapper.plug-in"; name = ATAuthSDK.bundle; path = "app-nest-ios/ANFrameworks/third/ATAuth/ATAuthSDK.framework/ATAuthSDK.bundle"; sourceTree = "<group>"; };
		84CC465D26FC7148007210CA /* bg_custom_toast@3x.png */ = {isa = PBXFileReference; lastKnownFileType = image.png; path = "bg_custom_toast@3x.png"; sourceTree = "<group>"; };
		84CC465E26FC7148007210CA /* bg_custom_toast.png */ = {isa = PBXFileReference; lastKnownFileType = image.png; path = bg_custom_toast.png; sourceTree = "<group>"; };
		84CC465F26FC7148007210CA /* bg_custom_toast@2x.png */ = {isa = PBXFileReference; lastKnownFileType = image.png; path = "bg_custom_toast@2x.png"; sourceTree = "<group>"; };
		84CC466326FC717C007210CA /* icon_custom_toast_fail@2x.png */ = {isa = PBXFileReference; lastKnownFileType = image.png; path = "icon_custom_toast_fail@2x.png"; sourceTree = "<group>"; };
		84CC466426FC717C007210CA /* icon_custom_success@3x.png */ = {isa = PBXFileReference; lastKnownFileType = image.png; path = "icon_custom_success@3x.png"; sourceTree = "<group>"; };
		84CC466526FC717C007210CA /* icon_custom_success.png */ = {isa = PBXFileReference; lastKnownFileType = image.png; path = icon_custom_success.png; sourceTree = "<group>"; };
		84CC466626FC717C007210CA /* icon_custom_success@2x.png */ = {isa = PBXFileReference; lastKnownFileType = image.png; path = "icon_custom_success@2x.png"; sourceTree = "<group>"; };
		84CC466726FC717C007210CA /* icon_custom_toast_fail.png */ = {isa = PBXFileReference; lastKnownFileType = image.png; path = icon_custom_toast_fail.png; sourceTree = "<group>"; };
		84CC466826FC717C007210CA /* icon_custom_toast_fail@3x.png */ = {isa = PBXFileReference; lastKnownFileType = image.png; path = "icon_custom_toast_fail@3x.png"; sourceTree = "<group>"; };
		84CC466F26FC7FFC007210CA /* app-nest-ios.entitlements */ = {isa = PBXFileReference; lastKnownFileType = text.plist.entitlements; path = "app-nest-ios.entitlements"; sourceTree = "<group>"; };
		84CC467126FC86D9007210CA /* back@2x.png */ = {isa = PBXFileReference; lastKnownFileType = image.png; path = "back@2x.png"; sourceTree = "<group>"; };
		84CC467226FC86D9007210CA /* back@3x.png */ = {isa = PBXFileReference; lastKnownFileType = image.png; path = "back@3x.png"; sourceTree = "<group>"; };
		84CC467326FC86D9007210CA /* back.png */ = {isa = PBXFileReference; lastKnownFileType = image.png; path = back.png; sourceTree = "<group>"; };
		84CC467727000ED4007210CA /* config.plist */ = {isa = PBXFileReference; lastKnownFileType = text.plist.xml; path = config.plist; sourceTree = "<group>"; };
		84CC467A2700955D007210CA /* tab_release_h@2x.png */ = {isa = PBXFileReference; lastKnownFileType = image.png; path = "tab_release_h@2x.png"; sourceTree = "<group>"; };
		84CC467B2700955D007210CA /* tab_work_h@3x.png */ = {isa = PBXFileReference; lastKnownFileType = image.png; path = "tab_work_h@3x.png"; sourceTree = "<group>"; };
		84CC467C2700955D007210CA /* tab_work.png */ = {isa = PBXFileReference; lastKnownFileType = image.png; path = tab_work.png; sourceTree = "<group>"; };
		84CC467D2700955D007210CA /* tab_map_h@2x.png */ = {isa = PBXFileReference; lastKnownFileType = image.png; path = "tab_map_h@2x.png"; sourceTree = "<group>"; };
		84CC467E2700955D007210CA /* tab_work_h.png */ = {isa = PBXFileReference; lastKnownFileType = image.png; path = tab_work_h.png; sourceTree = "<group>"; };
		84CC467F2700955D007210CA /* tab_map_h@3x.png */ = {isa = PBXFileReference; lastKnownFileType = image.png; path = "tab_map_h@3x.png"; sourceTree = "<group>"; };
		84CC46802700955D007210CA /* tab_user_h.png */ = {isa = PBXFileReference; lastKnownFileType = image.png; path = tab_user_h.png; sourceTree = "<group>"; };
		84CC46812700955D007210CA /* tab_home_h.png */ = {isa = PBXFileReference; lastKnownFileType = image.png; path = tab_home_h.png; sourceTree = "<group>"; };
		84CC46822700955D007210CA /* tab_release_h@3x.png */ = {isa = PBXFileReference; lastKnownFileType = image.png; path = "tab_release_h@3x.png"; sourceTree = "<group>"; };
		84CC46832700955D007210CA /* tab_work_h@2x.png */ = {isa = PBXFileReference; lastKnownFileType = image.png; path = "tab_work_h@2x.png"; sourceTree = "<group>"; };
		84CC46842700955D007210CA /* study.png */ = {isa = PBXFileReference; lastKnownFileType = image.png; path = study.png; sourceTree = "<group>"; };
		84CC46852700955D007210CA /* tabShadow@2x.png */ = {isa = PBXFileReference; lastKnownFileType = image.png; path = "tabShadow@2x.png"; sourceTree = "<group>"; };
		84CC46862700955D007210CA /* tab_danger_h@2x.png */ = {isa = PBXFileReference; lastKnownFileType = image.png; path = "tab_danger_h@2x.png"; sourceTree = "<group>"; };
		84CC46872700955D007210CA /* study_h.png */ = {isa = PBXFileReference; lastKnownFileType = image.png; path = study_h.png; sourceTree = "<group>"; };
		84CC46882700955D007210CA /* tab_release.png */ = {isa = PBXFileReference; lastKnownFileType = image.png; path = tab_release.png; sourceTree = "<group>"; };
		84CC46892700955D007210CA /* tab_release@3x.png */ = {isa = PBXFileReference; lastKnownFileType = image.png; path = "tab_release@3x.png"; sourceTree = "<group>"; };
		84CC468A2700955D007210CA /* tab_danger@2x.png */ = {isa = PBXFileReference; lastKnownFileType = image.png; path = "tab_danger@2x.png"; sourceTree = "<group>"; };
		84CC468B2700955D007210CA /* tab_user_h@3x.png */ = {isa = PBXFileReference; lastKnownFileType = image.png; path = "tab_user_h@3x.png"; sourceTree = "<group>"; };
		84CC468C2700955D007210CA /* tab_user@3x.png */ = {isa = PBXFileReference; lastKnownFileType = image.png; path = "tab_user@3x.png"; sourceTree = "<group>"; };
		84CC468D2700955D007210CA /* tab_map.png */ = {isa = PBXFileReference; lastKnownFileType = image.png; path = tab_map.png; sourceTree = "<group>"; };
		84CC468E2700955D007210CA /* tab_user@2x.png */ = {isa = PBXFileReference; lastKnownFileType = image.png; path = "tab_user@2x.png"; sourceTree = "<group>"; };
		84CC468F2700955D007210CA /* tab_user.png */ = {isa = PBXFileReference; lastKnownFileType = image.png; path = tab_user.png; sourceTree = "<group>"; };
		84CC46902700955D007210CA /* tab_user_h@2x.png */ = {isa = PBXFileReference; lastKnownFileType = image.png; path = "tab_user_h@2x.png"; sourceTree = "<group>"; };
		84CC46912700955D007210CA /* tab_home.png */ = {isa = PBXFileReference; lastKnownFileType = image.png; path = tab_home.png; sourceTree = "<group>"; };
		84CC46922700955D007210CA /* tab_danger@3x.png */ = {isa = PBXFileReference; lastKnownFileType = image.png; path = "tab_danger@3x.png"; sourceTree = "<group>"; };
		84CC46932700955D007210CA /* tab_release@2x.png */ = {isa = PBXFileReference; lastKnownFileType = image.png; path = "tab_release@2x.png"; sourceTree = "<group>"; };
		84CC46942700955D007210CA /* tab_danger_h@3x.png */ = {isa = PBXFileReference; lastKnownFileType = image.png; path = "tab_danger_h@3x.png"; sourceTree = "<group>"; };
		84CC46952700955D007210CA /* tabShadow@3x.png */ = {isa = PBXFileReference; lastKnownFileType = image.png; path = "tabShadow@3x.png"; sourceTree = "<group>"; };
		84CC46962700955D007210CA /* tab_home_h@2x.png */ = {isa = PBXFileReference; lastKnownFileType = image.png; path = "tab_home_h@2x.png"; sourceTree = "<group>"; };
		84CC46972700955D007210CA /* tab_danger.png */ = {isa = PBXFileReference; lastKnownFileType = image.png; path = tab_danger.png; sourceTree = "<group>"; };
		84CC46982700955D007210CA /* tab_work@2x.png */ = {isa = PBXFileReference; lastKnownFileType = image.png; path = "tab_work@2x.png"; sourceTree = "<group>"; };
		84CC46992700955D007210CA /* tab_home@2x.png */ = {isa = PBXFileReference; lastKnownFileType = image.png; path = "tab_home@2x.png"; sourceTree = "<group>"; };
		84CC469A2700955D007210CA /* study_h@2x.png */ = {isa = PBXFileReference; lastKnownFileType = image.png; path = "study_h@2x.png"; sourceTree = "<group>"; };
		84CC469B2700955D007210CA /* study_h@3x.png */ = {isa = PBXFileReference; lastKnownFileType = image.png; path = "study_h@3x.png"; sourceTree = "<group>"; };
		84CC469C2700955D007210CA /* tab_danger_h.png */ = {isa = PBXFileReference; lastKnownFileType = image.png; path = tab_danger_h.png; sourceTree = "<group>"; };
		84CC469D2700955D007210CA /* tab_home@3x.png */ = {isa = PBXFileReference; lastKnownFileType = image.png; path = "tab_home@3x.png"; sourceTree = "<group>"; };
		84CC469E2700955D007210CA /* tabShadow.png */ = {isa = PBXFileReference; lastKnownFileType = image.png; path = tabShadow.png; sourceTree = "<group>"; };
		84CC469F2700955D007210CA /* tab_work@3x.png */ = {isa = PBXFileReference; lastKnownFileType = image.png; path = "tab_work@3x.png"; sourceTree = "<group>"; };
		84CC46A02700955D007210CA /* tab_home_h@3x.png */ = {isa = PBXFileReference; lastKnownFileType = image.png; path = "tab_home_h@3x.png"; sourceTree = "<group>"; };
		84CC46A12700955D007210CA /* tab_map@2x.png */ = {isa = PBXFileReference; lastKnownFileType = image.png; path = "tab_map@2x.png"; sourceTree = "<group>"; };
		84CC46A22700955D007210CA /* study@3x.png */ = {isa = PBXFileReference; lastKnownFileType = image.png; path = "study@3x.png"; sourceTree = "<group>"; };
		84CC46A32700955D007210CA /* tab_map_h@1x.png */ = {isa = PBXFileReference; lastKnownFileType = image.png; path = "tab_map_h@1x.png"; sourceTree = "<group>"; };
		84CC46A42700955D007210CA /* study@2x.png */ = {isa = PBXFileReference; lastKnownFileType = image.png; path = "study@2x.png"; sourceTree = "<group>"; };
		84CC46A52700955D007210CA /* tab_map@3x.png */ = {isa = PBXFileReference; lastKnownFileType = image.png; path = "tab_map@3x.png"; sourceTree = "<group>"; };
		84CC46A62700955D007210CA /* tab_release_h.png */ = {isa = PBXFileReference; lastKnownFileType = image.png; path = tab_release_h.png; sourceTree = "<group>"; };
		84CC46D42701AEB1007210CA /* Suppot.h */ = {isa = PBXFileReference; lastKnownFileType = sourcecode.c.h; path = Suppot.h; sourceTree = "<group>"; };
		84CC46D52701AEB1007210CA /* Suppot.m */ = {isa = PBXFileReference; lastKnownFileType = sourcecode.c.objc; path = Suppot.m; sourceTree = "<group>"; };
		84CC46D82701C48D007210CA /* guide.png */ = {isa = PBXFileReference; lastKnownFileType = image.png; path = guide.png; sourceTree = "<group>"; };
		84CC46DA2701C9F2007210CA /* guide@2x.png */ = {isa = PBXFileReference; lastKnownFileType = image.png; path = "guide@2x.png"; sourceTree = "<group>"; };
		84CC46DB2701C9F2007210CA /* guide@3x.png */ = {isa = PBXFileReference; lastKnownFileType = image.png; path = "guide@3x.png"; sourceTree = "<group>"; };
		E2270C34CC080CAC504B8925 /* libPods-app-nest-ios.a */ = {isa = PBXFileReference; explicitFileType = archive.ar; includeInIndex = 0; path = "libPods-app-nest-ios.a"; sourceTree = BUILT_PRODUCTS_DIR; };
		E629CB708B659A4CE24FB62D /* libPods-app-nest-iosTests.a */ = {isa = PBXFileReference; explicitFileType = archive.ar; includeInIndex = 0; path = "libPods-app-nest-iosTests.a"; sourceTree = BUILT_PRODUCTS_DIR; };
/* End PBXFileReference section */

/* Begin PBXFrameworksBuildPhase section */
		84CC457A26F03A64007210CA /* Frameworks */ = {
			isa = PBXFrameworksBuildPhase;
			buildActionMask = 2147483647;
			files = (
				84CC465926FC616D007210CA /* ATAuthSDK.framework in Frameworks */,
				84CC465726FC616D007210CA /* YTXOperators.framework in Frameworks */,
				84CC465826FC616D007210CA /* YTXMonitor.framework in Frameworks */,
				2491FC1B46AB99D144503EDB /* libPods-app-nest-ios.a in Frameworks */,
			);
			runOnlyForDeploymentPostprocessing = 0;
		};
		84CC459526F03A64007210CA /* Frameworks */ = {
			isa = PBXFrameworksBuildPhase;
			buildActionMask = 2147483647;
			files = (
				112FC35C0B38A7556BB42289 /* libPods-app-nest-iosTests.a in Frameworks */,
			);
			runOnlyForDeploymentPostprocessing = 0;
		};
		84CC45A026F03A64007210CA /* Frameworks */ = {
			isa = PBXFrameworksBuildPhase;
			buildActionMask = 2147483647;
			files = (
				121BB824C5D0EACCFA1091DD /* libPods-app-nest-ios-app-nest-iosUITests.a in Frameworks */,
			);
			runOnlyForDeploymentPostprocessing = 0;
		};
/* End PBXFrameworksBuildPhase section */

/* Begin PBXGroup section */
		326D8C5DA6E01FAEEA4E874B /* Pods */ = {
			isa = PBXGroup;
			children = (
				11A6FF2A7B5151B86204FCCC /* Pods-app-nest-ios.debug.xcconfig */,
				4ED519787D127BB7E02EF5D9 /* Pods-app-nest-ios.release.xcconfig */,
				33FC596EBD35C70074D2AC48 /* Pods-app-nest-ios-app-nest-iosUITests.debug.xcconfig */,
				83002597A86B9E8999B01AF4 /* Pods-app-nest-ios-app-nest-iosUITests.release.xcconfig */,
				245F02838F4D1D3284CD25F5 /* Pods-app-nest-iosTests.debug.xcconfig */,
				83593DAD8315111A85035B2F /* Pods-app-nest-iosTests.release.xcconfig */,
			);
			path = Pods;
			sourceTree = "<group>";
		};
		84CC457426F03A64007210CA = {
			isa = PBXGroup;
			children = (
				84CC465A26FC66E7007210CA /* ATAuthSDK.bundle */,
				84CC457F26F03A64007210CA /* app-nest-ios */,
				84CC459B26F03A64007210CA /* app-nest-iosTests */,
				84CC45A626F03A64007210CA /* app-nest-iosUITests */,
				84CC457E26F03A64007210CA /* Products */,
				326D8C5DA6E01FAEEA4E874B /* Pods */,
				9BE098C8A4DE3D06D815532A /* Frameworks */,
			);
			sourceTree = "<group>";
		};
		84CC457E26F03A64007210CA /* Products */ = {
			isa = PBXGroup;
			children = (
				84CC457D26F03A64007210CA /* app-nest-ios.app */,
				84CC459826F03A64007210CA /* app-nest-iosTests.xctest */,
				84CC45A326F03A64007210CA /* app-nest-iosUITests.xctest */,
			);
			name = Products;
			sourceTree = "<group>";
		};
		84CC457F26F03A64007210CA /* app-nest-ios */ = {
			isa = PBXGroup;
			children = (
				84CC46D72701C471007210CA /* images */,
				84CC466F26FC7FFC007210CA /* app-nest-ios.entitlements */,
				84CC45B526F03E63007210CA /* ANFrameworks */,
				84CC458026F03A64007210CA /* AppDelegate.h */,
				84CC458126F03A64007210CA /* AppDelegate.m */,
				84CC458326F03A64007210CA /* SceneDelegate.h */,
				84CC458426F03A64007210CA /* SceneDelegate.m */,
				84CC458626F03A64007210CA /* ViewController.h */,
				84CC458726F03A64007210CA /* ViewController.m */,
				84CC458926F03A64007210CA /* Main.storyboard */,
				84CC458C26F03A64007210CA /* Assets.xcassets */,
				84CC458E26F03A64007210CA /* LaunchScreen.storyboard */,
				84CC459126F03A64007210CA /* Info.plist */,
				84CC459226F03A64007210CA /* main.m */,
			);
			path = "app-nest-ios";
			sourceTree = "<group>";
		};
		84CC459B26F03A64007210CA /* app-nest-iosTests */ = {
			isa = PBXGroup;
			children = (
				84CC459C26F03A64007210CA /* app_nest_iosTests.m */,
				84CC459E26F03A64007210CA /* Info.plist */,
			);
			path = "app-nest-iosTests";
			sourceTree = "<group>";
		};
		84CC45A626F03A64007210CA /* app-nest-iosUITests */ = {
			isa = PBXGroup;
			children = (
				84CC45A726F03A64007210CA /* app_nest_iosUITests.m */,
				84CC45A926F03A64007210CA /* Info.plist */,
			);
			path = "app-nest-iosUITests";
			sourceTree = "<group>";
		};
		84CC45B526F03E63007210CA /* ANFrameworks */ = {
			isa = PBXGroup;
			children = (
				84CC465226FC6126007210CA /* third */,
				84CC460626F1DBB1007210CA /* protocol */,
				84CC45BB26F04613007210CA /* basemodel */,
				84CC45BA26F04529007210CA /* utils */,
				84CC45B926F04515007210CA /* category */,
				84CC45B826F04500007210CA /* networking */,
				84CC45B726F044E9007210CA /* component */,
				84CC45B626F044D8007210CA /* controllers */,
				84CC45BC26F04813007210CA /* ANFrameworks.h */,
				84CC45BF26F06E10007210CA /* ANDefine.h */,
				84CC467727000ED4007210CA /* config.plist */,
			);
			path = ANFrameworks;
			sourceTree = "<group>";
		};
		84CC45B626F044D8007210CA /* controllers */ = {
			isa = PBXGroup;
			children = (
				84CC464526FB5CE1007210CA /* GuideViewController */,
				84CC463E26FB238E007210CA /* ScanController */,
				84CC461326F1F85B007210CA /* ImagePickerController */,
				84CC45CC26F07C61007210CA /* baseController */,
				84CC45C026F07C61007210CA /* rootController */,
				84CC45C426F07C61007210CA /* webviewController */,
			);
			path = controllers;
			sourceTree = "<group>";
		};
		84CC45B726F044E9007210CA /* component */ = {
			isa = PBXGroup;
			children = (
				84CC465C26FC7133007210CA /* images */,
				84CC461126F1F775007210CA /* DBXImagePicker.h */,
				84CC461026F1F775007210CA /* DBXImagePicker.m */,
				84CC460E26F1F663007210CA /* DBXToast.h */,
				84CC460D26F1F663007210CA /* DBXToast.m */,
			);
			path = component;
			sourceTree = "<group>";
		};
		84CC45B826F04500007210CA /* networking */ = {
			isa = PBXGroup;
			children = (
				84CC460A26F1EE0F007210CA /* NetworkingStatus.h */,
				84CC460B26F1EE0F007210CA /* NetworkingStatus.m */,
			);
			path = networking;
			sourceTree = "<group>";
		};
		84CC45B926F04515007210CA /* category */ = {
			isa = PBXGroup;
			children = (
				84CC45FA26F1C6AF007210CA /* UIImage+Category.h */,
				84CC45FB26F1C6AF007210CA /* UIImage+Category.m */,
				84CC45F026F09F06007210CA /* NSArray+Category.h */,
				84CC45ED26F09F06007210CA /* NSArray+Category.m */,
				84CC45EF26F09F06007210CA /* NSDictionary+Category.h */,
				84CC45EC26F09F06007210CA /* NSDictionary+Category.m */,
				84CC45EE26F09F06007210CA /* NSObject+Category.h */,
				84CC45EB26F09F06007210CA /* NSObject+Category.m */,
				84CC45F126F09F06007210CA /* UITableViewCell+Category.h */,
				84CC45F226F09F06007210CA /* UITableViewCell+Category.m */,
				84CC45E926F09CF7007210CA /* NSDate+Category.h */,
				84CC45E826F09CF7007210CA /* NSDate+Category.m */,
				84CC45E226F09C16007210CA /* NSString+Category.h */,
				84CC45E326F09C16007210CA /* NSString+Category.m */,
				84CC45E426F09C16007210CA /* UIView+Category.h */,
				84CC45E526F09C16007210CA /* UIView+Category.m */,
				84CC45DF26F0984F007210CA /* UIColor+Category.h */,
				84CC45E026F0984F007210CA /* UIColor+Category.m */,
				84CC460026F1CEAD007210CA /* UIApplication+Category.h */,
				84CC460126F1CEAD007210CA /* UIApplication+Category.m */,
				84CC460326F1D051007210CA /* AVAsset+Category.h */,
				84CC460426F1D051007210CA /* AVAsset+Category.m */,
			);
			path = category;
			sourceTree = "<group>";
		};
		84CC45BA26F04529007210CA /* utils */ = {
			isa = PBXGroup;
			children = (
				84CC463926F34124007210CA /* OSSUpload.h */,
				84CC463A26F34124007210CA /* OSSUpload.m */,
				84CC45DC26F0856F007210CA /* Tool.h */,
				84CC45DD26F0856F007210CA /* Tool.m */,
				84CC46D42701AEB1007210CA /* Suppot.h */,
				84CC46D52701AEB1007210CA /* Suppot.m */,
			);
			path = utils;
			sourceTree = "<group>";
		};
		84CC45BB26F04613007210CA /* basemodel */ = {
			isa = PBXGroup;
			children = (
				84CC45F726F09FA5007210CA /* Model.h */,
				84CC45F826F09FA5007210CA /* Model.m */,
			);
			path = basemodel;
			sourceTree = "<group>";
		};
		84CC45C026F07C61007210CA /* rootController */ = {
			isa = PBXGroup;
			children = (
				84CC46792700955D007210CA /* tab */,
				84CC45C126F07C61007210CA /* RootController.h */,
				84CC45C326F07C61007210CA /* RootController.m */,
			);
			path = rootController;
			sourceTree = "<group>";
		};
		84CC45C426F07C61007210CA /* webviewController */ = {
			isa = PBXGroup;
			children = (
				84CC461A26F2E764007210CA /* service */,
				84CC45CA26F07C61007210CA /* CloseWebController.h */,
				84CC45C526F07C61007210CA /* CloseWebController.m */,
				84CC45CB26F07C61007210CA /* WebViewController.h */,
				84CC45C626F07C61007210CA /* WebViewController.m */,
				84CC45C726F07C61007210CA /* error_dbx.html */,
				84CC45C826F07C61007210CA /* webView.js */,
				84CC461726F2DBAF007210CA /* JSService.h */,
				84CC461826F2DBAF007210CA /* JSService.m */,
			);
			path = webviewController;
			sourceTree = "<group>";
		};
		84CC45CC26F07C61007210CA /* baseController */ = {
			isa = PBXGroup;
			children = (
				84CC467026FC86C7007210CA /* images */,
				84CC45CF26F07C61007210CA /* BaseController.h */,
				84CC45CD26F07C61007210CA /* BaseController.m */,
				84CC45D126F07C61007210CA /* BaseNavigationController.h */,
				84CC45CE26F07C61007210CA /* BaseNavigationController.m */,
			);
			path = baseController;
			sourceTree = "<group>";
		};
		84CC460626F1DBB1007210CA /* protocol */ = {
			isa = PBXGroup;
			children = (
				84CC460726F1DBFE007210CA /* YBIBDefaultWebImageMediator.h */,
				84CC460826F1DBFE007210CA /* YBIBDefaultWebImageMediator.m */,
			);
			path = protocol;
			sourceTree = "<group>";
		};
		84CC461326F1F85B007210CA /* ImagePickerController */ = {
			isa = PBXGroup;
			children = (
				84CC461426F1F877007210CA /* DBXImagePickerController.h */,
				84CC461526F1F877007210CA /* DBXImagePickerController.m */,
			);
			path = ImagePickerController;
			sourceTree = "<group>";
		};
		84CC461A26F2E764007210CA /* service */ = {
			isa = PBXGroup;
			children = (
				84CC461B26F2E780007210CA /* TitleService.h */,
				84CC461C26F2E780007210CA /* TitleService.m */,
				84CC461E26F31E5B007210CA /* OptionMenuService.h */,
				84CC461F26F31E5B007210CA /* OptionMenuService.m */,
				84CC462126F31F5E007210CA /* PushWindowService.h */,
				84CC462226F31F5E007210CA /* PushWindowService.m */,
				84CC462426F320C3007210CA /* popWindowService.h */,
				84CC462526F320C3007210CA /* popWindowService.m */,
				84CC462726F3272A007210CA /* choseImgService.h */,
				84CC462826F3272A007210CA /* choseImgService.m */,
				84CC462A26F32740007210CA /* showGalleryService.h */,
				84CC462B26F32740007210CA /* showGalleryService.m */,
				84CC462D26F32758007210CA /* showToastService.h */,
				84CC462E26F32758007210CA /* showToastService.m */,
				84CC463026F327C3007210CA /* autolockScreenService.h */,
				84CC463126F327C3007210CA /* autolockScreenService.m */,
				84CC463326F32CCE007210CA /* choseFileService.h */,
				84CC463426F32CCE007210CA /* choseFileService.m */,
				84CC463626F32D03007210CA /* uploadService.h */,
				84CC463726F32D03007210CA /* uploadService.m */,
				84CC464226FB28AC007210CA /* QRService.h */,
				84CC464326FB28AC007210CA /* QRService.m */,
				84CC464926FB5E33007210CA /* WeChatLoginService.h */,
				84CC464A26FB5E33007210CA /* WeChatLoginService.m */,
				84CC464C26FB5E4D007210CA /* OneKeyLoginService.h */,
				84CC464D26FB5E4D007210CA /* OneKeyLoginService.m */,
				84CC464F26FB5E91007210CA /* socialLoginService.h */,
				84CC465026FB5E91007210CA /* socialLoginService.m */,
			);
			path = service;
			sourceTree = "<group>";
		};
		84CC463E26FB238E007210CA /* ScanController */ = {
			isa = PBXGroup;
			children = (
				84CC464026FB23A5007210CA /* ScanController.h */,
				84CC463F26FB23A5007210CA /* ScanController.m */,
			);
			path = ScanController;
			sourceTree = "<group>";
		};
		84CC464526FB5CE1007210CA /* GuideViewController */ = {
			isa = PBXGroup;
			children = (
				84CC464626FB5CE1007210CA /* GuideViewController.h */,
				84CC464726FB5CE1007210CA /* GuideViewController.m */,
			);
			path = GuideViewController;
			sourceTree = "<group>";
		};
		84CC465226FC6126007210CA /* third */ = {
			isa = PBXGroup;
			children = (
				84CC465326FC616D007210CA /* ATAuth */,
			);
			path = third;
			sourceTree = "<group>";
		};
		84CC465326FC616D007210CA /* ATAuth */ = {
			isa = PBXGroup;
			children = (
				84CC465426FC616D007210CA /* YTXOperators.framework */,
				84CC465526FC616D007210CA /* YTXMonitor.framework */,
				84CC465626FC616D007210CA /* ATAuthSDK.framework */,
			);
			path = ATAuth;
			sourceTree = "<group>";
		};
		84CC465C26FC7133007210CA /* images */ = {
			isa = PBXGroup;
			children = (
				84CC466526FC717C007210CA /* icon_custom_success.png */,
				84CC466626FC717C007210CA /* icon_custom_success@2x.png */,
				84CC466426FC717C007210CA /* icon_custom_success@3x.png */,
				84CC466726FC717C007210CA /* icon_custom_toast_fail.png */,
				84CC466326FC717C007210CA /* icon_custom_toast_fail@2x.png */,
				84CC466826FC717C007210CA /* icon_custom_toast_fail@3x.png */,
				84CC465E26FC7148007210CA /* bg_custom_toast.png */,
				84CC465F26FC7148007210CA /* bg_custom_toast@2x.png */,
				84CC465D26FC7148007210CA /* bg_custom_toast@3x.png */,
			);
			path = images;
			sourceTree = "<group>";
		};
		84CC467026FC86C7007210CA /* images */ = {
			isa = PBXGroup;
			children = (
				84CC467326FC86D9007210CA /* back.png */,
				84CC467126FC86D9007210CA /* back@2x.png */,
				84CC467226FC86D9007210CA /* back@3x.png */,
			);
			path = images;
			sourceTree = "<group>";
		};
		84CC46792700955D007210CA /* tab */ = {
			isa = PBXGroup;
			children = (
				84CC467A2700955D007210CA /* tab_release_h@2x.png */,
				84CC467B2700955D007210CA /* tab_work_h@3x.png */,
				84CC467C2700955D007210CA /* tab_work.png */,
				84CC467D2700955D007210CA /* tab_map_h@2x.png */,
				84CC467E2700955D007210CA /* tab_work_h.png */,
				84CC467F2700955D007210CA /* tab_map_h@3x.png */,
				84CC46802700955D007210CA /* tab_user_h.png */,
				84CC46812700955D007210CA /* tab_home_h.png */,
				84CC46822700955D007210CA /* tab_release_h@3x.png */,
				84CC46832700955D007210CA /* tab_work_h@2x.png */,
				84CC46842700955D007210CA /* study.png */,
				84CC46852700955D007210CA /* tabShadow@2x.png */,
				84CC46862700955D007210CA /* tab_danger_h@2x.png */,
				84CC46872700955D007210CA /* study_h.png */,
				84CC46882700955D007210CA /* tab_release.png */,
				84CC46892700955D007210CA /* tab_release@3x.png */,
				84CC468A2700955D007210CA /* tab_danger@2x.png */,
				84CC468B2700955D007210CA /* tab_user_h@3x.png */,
				84CC468C2700955D007210CA /* tab_user@3x.png */,
				84CC468D2700955D007210CA /* tab_map.png */,
				84CC468E2700955D007210CA /* tab_user@2x.png */,
				84CC468F2700955D007210CA /* tab_user.png */,
				84CC46902700955D007210CA /* tab_user_h@2x.png */,
				84CC46912700955D007210CA /* tab_home.png */,
				84CC46922700955D007210CA /* tab_danger@3x.png */,
				84CC46932700955D007210CA /* tab_release@2x.png */,
				84CC46942700955D007210CA /* tab_danger_h@3x.png */,
				84CC46952700955D007210CA /* tabShadow@3x.png */,
				84CC46962700955D007210CA /* tab_home_h@2x.png */,
				84CC46972700955D007210CA /* tab_danger.png */,
				84CC46982700955D007210CA /* tab_work@2x.png */,
				84CC46992700955D007210CA /* tab_home@2x.png */,
				84CC469A2700955D007210CA /* study_h@2x.png */,
				84CC469B2700955D007210CA /* study_h@3x.png */,
				84CC469C2700955D007210CA /* tab_danger_h.png */,
				84CC469D2700955D007210CA /* tab_home@3x.png */,
				84CC469E2700955D007210CA /* tabShadow.png */,
				84CC469F2700955D007210CA /* tab_work@3x.png */,
				84CC46A02700955D007210CA /* tab_home_h@3x.png */,
				84CC46A12700955D007210CA /* tab_map@2x.png */,
				84CC46A22700955D007210CA /* study@3x.png */,
				84CC46A32700955D007210CA /* tab_map_h@1x.png */,
				84CC46A42700955D007210CA /* study@2x.png */,
				84CC46A52700955D007210CA /* tab_map@3x.png */,
				84CC46A62700955D007210CA /* tab_release_h.png */,
			);
			path = tab;
			sourceTree = "<group>";
		};
		84CC46D72701C471007210CA /* images */ = {
			isa = PBXGroup;
			children = (
				84CC46DA2701C9F2007210CA /* guide@2x.png */,
				84CC46DB2701C9F2007210CA /* guide@3x.png */,
				84CC46D82701C48D007210CA /* guide.png */,
			);
			path = images;
			sourceTree = "<group>";
		};
		9BE098C8A4DE3D06D815532A /* Frameworks */ = {
			isa = PBXGroup;
			children = (
				E2270C34CC080CAC504B8925 /* libPods-app-nest-ios.a */,
				18D0EB6DF4EA0EB9E9D01A69 /* libPods-app-nest-ios-app-nest-iosUITests.a */,
				E629CB708B659A4CE24FB62D /* libPods-app-nest-iosTests.a */,
			);
			name = Frameworks;
			sourceTree = "<group>";
		};
/* End PBXGroup section */

/* Begin PBXNativeTarget section */
		84CC457C26F03A64007210CA /* app-nest-ios */ = {
			isa = PBXNativeTarget;
			buildConfigurationList = 84CC45AC26F03A64007210CA /* Build configuration list for PBXNativeTarget "app-nest-ios" */;
			buildPhases = (
				B1C42F76EBDA1BC1DB31CB94 /* [CP] Check Pods Manifest.lock */,
				84CC457926F03A64007210CA /* Sources */,
				84CC457A26F03A64007210CA /* Frameworks */,
				84CC457B26F03A64007210CA /* Resources */,
				42C91A8F21F6D24BDE96743D /* [CP] Copy Pods Resources */,
				DFCDA3157EE4B85B92D96948 /* [CP] Embed Pods Frameworks */,
			);
			buildRules = (
			);
			dependencies = (
			);
			name = "app-nest-ios";
			productName = "app-nest-ios";
			productReference = 84CC457D26F03A64007210CA /* app-nest-ios.app */;
			productType = "com.apple.product-type.application";
		};
		84CC459726F03A64007210CA /* app-nest-iosTests */ = {
			isa = PBXNativeTarget;
			buildConfigurationList = 84CC45AF26F03A64007210CA /* Build configuration list for PBXNativeTarget "app-nest-iosTests" */;
			buildPhases = (
				EB25ED20C395EDA7631D5689 /* [CP] Check Pods Manifest.lock */,
				84CC459426F03A64007210CA /* Sources */,
				84CC459526F03A64007210CA /* Frameworks */,
				84CC459626F03A64007210CA /* Resources */,
			);
			buildRules = (
			);
			dependencies = (
				84CC459A26F03A64007210CA /* PBXTargetDependency */,
			);
			name = "app-nest-iosTests";
			productName = "app-nest-iosTests";
			productReference = 84CC459826F03A64007210CA /* app-nest-iosTests.xctest */;
			productType = "com.apple.product-type.bundle.unit-test";
		};
		84CC45A226F03A64007210CA /* app-nest-iosUITests */ = {
			isa = PBXNativeTarget;
			buildConfigurationList = 84CC45B226F03A64007210CA /* Build configuration list for PBXNativeTarget "app-nest-iosUITests" */;
			buildPhases = (
				B44BF96472D6CAC8B18D57FC /* [CP] Check Pods Manifest.lock */,
				84CC459F26F03A64007210CA /* Sources */,
				84CC45A026F03A64007210CA /* Frameworks */,
				84CC45A126F03A64007210CA /* Resources */,
				6BBFFCB2DE6C1F780433AFCE /* [CP] Copy Pods Resources */,
				4D0794CB9AC19CF3A3CA6F3B /* [CP] Embed Pods Frameworks */,
			);
			buildRules = (
			);
			dependencies = (
				84CC45A526F03A64007210CA /* PBXTargetDependency */,
			);
			name = "app-nest-iosUITests";
			productName = "app-nest-iosUITests";
			productReference = 84CC45A326F03A64007210CA /* app-nest-iosUITests.xctest */;
			productType = "com.apple.product-type.bundle.ui-testing";
		};
/* End PBXNativeTarget section */

/* Begin PBXProject section */
		84CC457526F03A64007210CA /* Project object */ = {
			isa = PBXProject;
			attributes = {
				LastUpgradeCheck = 1250;
				TargetAttributes = {
					84CC457C26F03A64007210CA = {
						CreatedOnToolsVersion = 12.5.1;
					};
					84CC459726F03A64007210CA = {
						CreatedOnToolsVersion = 12.5.1;
						TestTargetID = 84CC457C26F03A64007210CA;
					};
					84CC45A226F03A64007210CA = {
						CreatedOnToolsVersion = 12.5.1;
						TestTargetID = 84CC457C26F03A64007210CA;
					};
				};
			};
			buildConfigurationList = 84CC457826F03A64007210CA /* Build configuration list for PBXProject "app-nest-ios" */;
			compatibilityVersion = "Xcode 9.3";
			developmentRegion = en;
			hasScannedForEncodings = 0;
			knownRegions = (
				en,
				Base,
			);
			mainGroup = 84CC457426F03A64007210CA;
			productRefGroup = 84CC457E26F03A64007210CA /* Products */;
			projectDirPath = "";
			projectRoot = "";
			targets = (
				84CC457C26F03A64007210CA /* app-nest-ios */,
				84CC459726F03A64007210CA /* app-nest-iosTests */,
				84CC45A226F03A64007210CA /* app-nest-iosUITests */,
			);
		};
/* End PBXProject section */

/* Begin PBXResourcesBuildPhase section */
		84CC457B26F03A64007210CA /* Resources */ = {
			isa = PBXResourcesBuildPhase;
			buildActionMask = 2147483647;
			files = (
				84CC467426FC86D9007210CA /* back@2x.png in Resources */,
				84CC46B62700955D007210CA /* tab_release@3x.png in Resources */,
				84CC46D32700955E007210CA /* tab_release_h.png in Resources */,
				84CC465B26FC66E7007210CA /* ATAuthSDK.bundle in Resources */,
				84CC46A92700955D007210CA /* tab_work.png in Resources */,
				84CC46C42700955E007210CA /* tab_danger.png in Resources */,
				84CC46B22700955D007210CA /* tabShadow@2x.png in Resources */,
				84CC45D726F07C61007210CA /* webView.js in Resources */,
				84CC46C22700955E007210CA /* tabShadow@3x.png in Resources */,
				84CC46A72700955D007210CA /* tab_release_h@2x.png in Resources */,
				84CC466D26FC717C007210CA /* icon_custom_toast_fail.png in Resources */,
				84CC466C26FC717C007210CA /* icon_custom_success@2x.png in Resources */,
				84CC46BB2700955D007210CA /* tab_user@2x.png in Resources */,
				84CC46BF2700955E007210CA /* tab_danger@3x.png in Resources */,
				84CC46CB2700955E007210CA /* tabShadow.png in Resources */,
				84CC46B12700955D007210CA /* study.png in Resources */,
				84CC46B52700955D007210CA /* tab_release.png in Resources */,
				84CC45D626F07C61007210CA /* error_dbx.html in Resources */,
				84CC46AF2700955D007210CA /* tab_release_h@3x.png in Resources */,
				84CC466E26FC717C007210CA /* icon_custom_toast_fail@3x.png in Resources */,
				84CC46D92701C48D007210CA /* guide.png in Resources */,
				84CC46CF2700955E007210CA /* study@3x.png in Resources */,
				84CC46D12700955E007210CA /* study@2x.png in Resources */,
				84CC46C02700955E007210CA /* tab_release@2x.png in Resources */,
				84CC46B82700955D007210CA /* tab_user_h@3x.png in Resources */,
				84CC46BD2700955D007210CA /* tab_user_h@2x.png in Resources */,
				84CC46CC2700955E007210CA /* tab_work@3x.png in Resources */,
				84CC46C32700955E007210CA /* tab_home_h@2x.png in Resources */,
				84CC46B42700955D007210CA /* study_h.png in Resources */,
				84CC46CD2700955E007210CA /* tab_home_h@3x.png in Resources */,
				84CC466A26FC717C007210CA /* icon_custom_success@3x.png in Resources */,
				84CC46B02700955D007210CA /* tab_work_h@2x.png in Resources */,
				84CC46B72700955D007210CA /* tab_danger@2x.png in Resources */,
				84CC466B26FC717C007210CA /* icon_custom_success.png in Resources */,
				84CC467526FC86D9007210CA /* back@3x.png in Resources */,
				84CC46D02700955E007210CA /* tab_map_h@1x.png in Resources */,
				84CC46AA2700955D007210CA /* tab_map_h@2x.png in Resources */,
				84CC46D22700955E007210CA /* tab_map@3x.png in Resources */,
				84CC46C52700955E007210CA /* tab_work@2x.png in Resources */,
				84CC467626FC86D9007210CA /* back.png in Resources */,
				84CC46CA2700955E007210CA /* tab_home@3x.png in Resources */,
				84CC46DC2701C9F2007210CA /* guide@2x.png in Resources */,
				84CC466226FC7148007210CA /* bg_custom_toast@2x.png in Resources */,
				84CC46BE2700955D007210CA /* tab_home.png in Resources */,
				84CC46CE2700955E007210CA /* tab_map@2x.png in Resources */,
				84CC466126FC7148007210CA /* bg_custom_toast.png in Resources */,
				84CC467827000ED4007210CA /* config.plist in Resources */,
				84CC46AB2700955D007210CA /* tab_work_h.png in Resources */,
				84CC459026F03A64007210CA /* LaunchScreen.storyboard in Resources */,
				84CC458D26F03A64007210CA /* Assets.xcassets in Resources */,
				84CC46A82700955D007210CA /* tab_work_h@3x.png in Resources */,
				84CC46B92700955D007210CA /* tab_user@3x.png in Resources */,
				84CC46AE2700955D007210CA /* tab_home_h.png in Resources */,
				84CC46C92700955E007210CA /* tab_danger_h.png in Resources */,
				84CC46AD2700955D007210CA /* tab_user_h.png in Resources */,
				84CC466026FC7148007210CA /* bg_custom_toast@3x.png in Resources */,
				84CC46C62700955E007210CA /* tab_home@2x.png in Resources */,
				84CC46BC2700955D007210CA /* tab_user.png in Resources */,
				84CC46BA2700955D007210CA /* tab_map.png in Resources */,
				84CC46DD2701C9F2007210CA /* guide@3x.png in Resources */,
				84CC46C12700955E007210CA /* tab_danger_h@3x.png in Resources */,
				84CC46C72700955E007210CA /* study_h@2x.png in Resources */,
				84CC458B26F03A64007210CA /* Main.storyboard in Resources */,
				84CC46AC2700955D007210CA /* tab_map_h@3x.png in Resources */,
				84CC46C82700955E007210CA /* study_h@3x.png in Resources */,
				84CC46B32700955D007210CA /* tab_danger_h@2x.png in Resources */,
				84CC466926FC717C007210CA /* icon_custom_toast_fail@2x.png in Resources */,
			);
			runOnlyForDeploymentPostprocessing = 0;
		};
		84CC459626F03A64007210CA /* Resources */ = {
			isa = PBXResourcesBuildPhase;
			buildActionMask = 2147483647;
			files = (
			);
			runOnlyForDeploymentPostprocessing = 0;
		};
		84CC45A126F03A64007210CA /* Resources */ = {
			isa = PBXResourcesBuildPhase;
			buildActionMask = 2147483647;
			files = (
			);
			runOnlyForDeploymentPostprocessing = 0;
		};
/* End PBXResourcesBuildPhase section */

/* Begin PBXShellScriptBuildPhase section */
		42C91A8F21F6D24BDE96743D /* [CP] Copy Pods Resources */ = {
			isa = PBXShellScriptBuildPhase;
			buildActionMask = 2147483647;
			files = (
			);
			inputFileListPaths = (
				"${PODS_ROOT}/Target Support Files/Pods-app-nest-ios/Pods-app-nest-ios-resources-${CONFIGURATION}-input-files.xcfilelist",
			);
			name = "[CP] Copy Pods Resources";
			outputFileListPaths = (
				"${PODS_ROOT}/Target Support Files/Pods-app-nest-ios/Pods-app-nest-ios-resources-${CONFIGURATION}-output-files.xcfilelist",
			);
			runOnlyForDeploymentPostprocessing = 0;
			shellPath = /bin/sh;
			shellScript = "\"${PODS_ROOT}/Target Support Files/Pods-app-nest-ios/Pods-app-nest-ios-resources.sh\"\n";
			showEnvVarsInLog = 0;
		};
		4D0794CB9AC19CF3A3CA6F3B /* [CP] Embed Pods Frameworks */ = {
			isa = PBXShellScriptBuildPhase;
			buildActionMask = 2147483647;
			files = (
			);
			inputFileListPaths = (
				"${PODS_ROOT}/Target Support Files/Pods-app-nest-ios-app-nest-iosUITests/Pods-app-nest-ios-app-nest-iosUITests-frameworks-${CONFIGURATION}-input-files.xcfilelist",
			);
			name = "[CP] Embed Pods Frameworks";
			outputFileListPaths = (
				"${PODS_ROOT}/Target Support Files/Pods-app-nest-ios-app-nest-iosUITests/Pods-app-nest-ios-app-nest-iosUITests-frameworks-${CONFIGURATION}-output-files.xcfilelist",
			);
			runOnlyForDeploymentPostprocessing = 0;
			shellPath = /bin/sh;
			shellScript = "\"${PODS_ROOT}/Target Support Files/Pods-app-nest-ios-app-nest-iosUITests/Pods-app-nest-ios-app-nest-iosUITests-frameworks.sh\"\n";
			showEnvVarsInLog = 0;
		};
		6BBFFCB2DE6C1F780433AFCE /* [CP] Copy Pods Resources */ = {
			isa = PBXShellScriptBuildPhase;
			buildActionMask = 2147483647;
			files = (
			);
			inputFileListPaths = (
				"${PODS_ROOT}/Target Support Files/Pods-app-nest-ios-app-nest-iosUITests/Pods-app-nest-ios-app-nest-iosUITests-resources-${CONFIGURATION}-input-files.xcfilelist",
			);
			name = "[CP] Copy Pods Resources";
			outputFileListPaths = (
				"${PODS_ROOT}/Target Support Files/Pods-app-nest-ios-app-nest-iosUITests/Pods-app-nest-ios-app-nest-iosUITests-resources-${CONFIGURATION}-output-files.xcfilelist",
			);
			runOnlyForDeploymentPostprocessing = 0;
			shellPath = /bin/sh;
			shellScript = "\"${PODS_ROOT}/Target Support Files/Pods-app-nest-ios-app-nest-iosUITests/Pods-app-nest-ios-app-nest-iosUITests-resources.sh\"\n";
			showEnvVarsInLog = 0;
		};
		B1C42F76EBDA1BC1DB31CB94 /* [CP] Check Pods Manifest.lock */ = {
			isa = PBXShellScriptBuildPhase;
			buildActionMask = 2147483647;
			files = (
			);
			inputFileListPaths = (
			);
			inputPaths = (
				"${PODS_PODFILE_DIR_PATH}/Podfile.lock",
				"${PODS_ROOT}/Manifest.lock",
			);
			name = "[CP] Check Pods Manifest.lock";
			outputFileListPaths = (
			);
			outputPaths = (
				"$(DERIVED_FILE_DIR)/Pods-app-nest-ios-checkManifestLockResult.txt",
			);
			runOnlyForDeploymentPostprocessing = 0;
			shellPath = /bin/sh;
			shellScript = "diff \"${PODS_PODFILE_DIR_PATH}/Podfile.lock\" \"${PODS_ROOT}/Manifest.lock\" > /dev/null\nif [ $? != 0 ] ; then\n    # print error to STDERR\n    echo \"error: The sandbox is not in sync with the Podfile.lock. Run 'pod install' or update your CocoaPods installation.\" >&2\n    exit 1\nfi\n# This output is used by Xcode 'outputs' to avoid re-running this script phase.\necho \"SUCCESS\" > \"${SCRIPT_OUTPUT_FILE_0}\"\n";
			showEnvVarsInLog = 0;
		};
		B44BF96472D6CAC8B18D57FC /* [CP] Check Pods Manifest.lock */ = {
			isa = PBXShellScriptBuildPhase;
			buildActionMask = 2147483647;
			files = (
			);
			inputFileListPaths = (
			);
			inputPaths = (
				"${PODS_PODFILE_DIR_PATH}/Podfile.lock",
				"${PODS_ROOT}/Manifest.lock",
			);
			name = "[CP] Check Pods Manifest.lock";
			outputFileListPaths = (
			);
			outputPaths = (
				"$(DERIVED_FILE_DIR)/Pods-app-nest-ios-app-nest-iosUITests-checkManifestLockResult.txt",
			);
			runOnlyForDeploymentPostprocessing = 0;
			shellPath = /bin/sh;
			shellScript = "diff \"${PODS_PODFILE_DIR_PATH}/Podfile.lock\" \"${PODS_ROOT}/Manifest.lock\" > /dev/null\nif [ $? != 0 ] ; then\n    # print error to STDERR\n    echo \"error: The sandbox is not in sync with the Podfile.lock. Run 'pod install' or update your CocoaPods installation.\" >&2\n    exit 1\nfi\n# This output is used by Xcode 'outputs' to avoid re-running this script phase.\necho \"SUCCESS\" > \"${SCRIPT_OUTPUT_FILE_0}\"\n";
			showEnvVarsInLog = 0;
		};
		DFCDA3157EE4B85B92D96948 /* [CP] Embed Pods Frameworks */ = {
			isa = PBXShellScriptBuildPhase;
			buildActionMask = 2147483647;
			files = (
			);
			inputFileListPaths = (
				"${PODS_ROOT}/Target Support Files/Pods-app-nest-ios/Pods-app-nest-ios-frameworks-${CONFIGURATION}-input-files.xcfilelist",
			);
			name = "[CP] Embed Pods Frameworks";
			outputFileListPaths = (
				"${PODS_ROOT}/Target Support Files/Pods-app-nest-ios/Pods-app-nest-ios-frameworks-${CONFIGURATION}-output-files.xcfilelist",
			);
			runOnlyForDeploymentPostprocessing = 0;
			shellPath = /bin/sh;
			shellScript = "\"${PODS_ROOT}/Target Support Files/Pods-app-nest-ios/Pods-app-nest-ios-frameworks.sh\"\n";
			showEnvVarsInLog = 0;
		};
		EB25ED20C395EDA7631D5689 /* [CP] Check Pods Manifest.lock */ = {
			isa = PBXShellScriptBuildPhase;
			buildActionMask = 2147483647;
			files = (
			);
			inputFileListPaths = (
			);
			inputPaths = (
				"${PODS_PODFILE_DIR_PATH}/Podfile.lock",
				"${PODS_ROOT}/Manifest.lock",
			);
			name = "[CP] Check Pods Manifest.lock";
			outputFileListPaths = (
			);
			outputPaths = (
				"$(DERIVED_FILE_DIR)/Pods-app-nest-iosTests-checkManifestLockResult.txt",
			);
			runOnlyForDeploymentPostprocessing = 0;
			shellPath = /bin/sh;
			shellScript = "diff \"${PODS_PODFILE_DIR_PATH}/Podfile.lock\" \"${PODS_ROOT}/Manifest.lock\" > /dev/null\nif [ $? != 0 ] ; then\n    # print error to STDERR\n    echo \"error: The sandbox is not in sync with the Podfile.lock. Run 'pod install' or update your CocoaPods installation.\" >&2\n    exit 1\nfi\n# This output is used by Xcode 'outputs' to avoid re-running this script phase.\necho \"SUCCESS\" > \"${SCRIPT_OUTPUT_FILE_0}\"\n";
			showEnvVarsInLog = 0;
		};
/* End PBXShellScriptBuildPhase section */

/* Begin PBXSourcesBuildPhase section */
		84CC457926F03A64007210CA /* Sources */ = {
			isa = PBXSourcesBuildPhase;
			buildActionMask = 2147483647;
			files = (
				84CC462F26F32758007210CA /* showToastService.m in Sources */,
				84CC460F26F1F663007210CA /* DBXToast.m in Sources */,
				84CC461D26F2E780007210CA /* TitleService.m in Sources */,
				84CC464426FB28AC007210CA /* QRService.m in Sources */,
				84CC461626F1F877007210CA /* DBXImagePickerController.m in Sources */,
				84CC458826F03A64007210CA /* ViewController.m in Sources */,
				84CC465126FB5E91007210CA /* socialLoginService.m in Sources */,
				84CC45D526F07C61007210CA /* WebViewController.m in Sources */,
				84CC462C26F32740007210CA /* showGalleryService.m in Sources */,
				84CC462626F320C3007210CA /* popWindowService.m in Sources */,
				84CC45F426F09F06007210CA /* NSDictionary+Category.m in Sources */,
				84CC460226F1CEAD007210CA /* UIApplication+Category.m in Sources */,
				84CC463B26F34124007210CA /* OSSUpload.m in Sources */,
				84CC45F326F09F06007210CA /* NSObject+Category.m in Sources */,
				84CC46D62701AEB1007210CA /* Suppot.m in Sources */,
				84CC464E26FB5E4D007210CA /* OneKeyLoginService.m in Sources */,
				84CC461226F1F775007210CA /* DBXImagePicker.m in Sources */,
				84CC462026F31E5B007210CA /* OptionMenuService.m in Sources */,
				84CC463226F327C3007210CA /* autolockScreenService.m in Sources */,
				84CC45EA26F09CF7007210CA /* NSDate+Category.m in Sources */,
				84CC45D926F07C61007210CA /* BaseController.m in Sources */,
				84CC45F526F09F06007210CA /* NSArray+Category.m in Sources */,
				84CC45F626F09F06007210CA /* UITableViewCell+Category.m in Sources */,
				84CC460C26F1EE0F007210CA /* NetworkingStatus.m in Sources */,
				84CC464126FB23A5007210CA /* ScanController.m in Sources */,
				84CC458226F03A64007210CA /* AppDelegate.m in Sources */,
				84CC463826F32D03007210CA /* uploadService.m in Sources */,
				84CC459326F03A64007210CA /* main.m in Sources */,
				84CC462926F3272A007210CA /* choseImgService.m in Sources */,
				84CC464B26FB5E33007210CA /* WeChatLoginService.m in Sources */,
				84CC45DE26F0856F007210CA /* Tool.m in Sources */,
				84CC45E726F09C16007210CA /* UIView+Category.m in Sources */,
				84CC463526F32CCE007210CA /* choseFileService.m in Sources */,
				84CC464826FB5CE1007210CA /* GuideViewController.m in Sources */,
				84CC45F926F09FA6007210CA /* Model.m in Sources */,
				84CC460926F1DBFE007210CA /* YBIBDefaultWebImageMediator.m in Sources */,
				84CC45DA26F07C61007210CA /* BaseNavigationController.m in Sources */,
				84CC461926F2DBAF007210CA /* JSService.m in Sources */,
				84CC45E626F09C16007210CA /* NSString+Category.m in Sources */,
				84CC45D426F07C61007210CA /* CloseWebController.m in Sources */,
				84CC458526F03A64007210CA /* SceneDelegate.m in Sources */,
				84CC45D326F07C61007210CA /* RootController.m in Sources */,
				84CC45E126F0984F007210CA /* UIColor+Category.m in Sources */,
				84CC462326F31F5E007210CA /* PushWindowService.m in Sources */,
				84CC45FC26F1C6AF007210CA /* UIImage+Category.m in Sources */,
				84CC460526F1D051007210CA /* AVAsset+Category.m in Sources */,
			);
			runOnlyForDeploymentPostprocessing = 0;
		};
		84CC459426F03A64007210CA /* Sources */ = {
			isa = PBXSourcesBuildPhase;
			buildActionMask = 2147483647;
			files = (
				84CC459D26F03A64007210CA /* app_nest_iosTests.m in Sources */,
			);
			runOnlyForDeploymentPostprocessing = 0;
		};
		84CC459F26F03A64007210CA /* Sources */ = {
			isa = PBXSourcesBuildPhase;
			buildActionMask = 2147483647;
			files = (
				84CC45A826F03A64007210CA /* app_nest_iosUITests.m in Sources */,
			);
			runOnlyForDeploymentPostprocessing = 0;
		};
/* End PBXSourcesBuildPhase section */

/* Begin PBXTargetDependency section */
		84CC459A26F03A64007210CA /* PBXTargetDependency */ = {
			isa = PBXTargetDependency;
			target = 84CC457C26F03A64007210CA /* app-nest-ios */;
			targetProxy = 84CC459926F03A64007210CA /* PBXContainerItemProxy */;
		};
		84CC45A526F03A64007210CA /* PBXTargetDependency */ = {
			isa = PBXTargetDependency;
			target = 84CC457C26F03A64007210CA /* app-nest-ios */;
			targetProxy = 84CC45A426F03A64007210CA /* PBXContainerItemProxy */;
		};
/* End PBXTargetDependency section */

/* Begin PBXVariantGroup section */
		84CC458926F03A64007210CA /* Main.storyboard */ = {
			isa = PBXVariantGroup;
			children = (
				84CC458A26F03A64007210CA /* Base */,
			);
			name = Main.storyboard;
			sourceTree = "<group>";
		};
		84CC458E26F03A64007210CA /* LaunchScreen.storyboard */ = {
			isa = PBXVariantGroup;
			children = (
				84CC458F26F03A64007210CA /* Base */,
			);
			name = LaunchScreen.storyboard;
			sourceTree = "<group>";
		};
/* End PBXVariantGroup section */

/* Begin XCBuildConfiguration section */
		84CC45AA26F03A64007210CA /* Debug */ = {
			isa = XCBuildConfiguration;
			buildSettings = {
				ALWAYS_SEARCH_USER_PATHS = NO;
				CLANG_ANALYZER_NONNULL = YES;
				CLANG_ANALYZER_NUMBER_OBJECT_CONVERSION = YES_AGGRESSIVE;
				CLANG_CXX_LANGUAGE_STANDARD = "gnu++14";
				CLANG_CXX_LIBRARY = "libc++";
				CLANG_ENABLE_MODULES = YES;
				CLANG_ENABLE_OBJC_ARC = YES;
				CLANG_ENABLE_OBJC_WEAK = YES;
				CLANG_WARN_BLOCK_CAPTURE_AUTORELEASING = YES;
				CLANG_WARN_BOOL_CONVERSION = YES;
				CLANG_WARN_COMMA = YES;
				CLANG_WARN_CONSTANT_CONVERSION = YES;
				CLANG_WARN_DEPRECATED_OBJC_IMPLEMENTATIONS = YES;
				CLANG_WARN_DIRECT_OBJC_ISA_USAGE = YES_ERROR;
				CLANG_WARN_DOCUMENTATION_COMMENTS = YES;
				CLANG_WARN_EMPTY_BODY = YES;
				CLANG_WARN_ENUM_CONVERSION = YES;
				CLANG_WARN_INFINITE_RECURSION = YES;
				CLANG_WARN_INT_CONVERSION = YES;
				CLANG_WARN_NON_LITERAL_NULL_CONVERSION = YES;
				CLANG_WARN_OBJC_IMPLICIT_RETAIN_SELF = YES;
				CLANG_WARN_OBJC_LITERAL_CONVERSION = YES;
				CLANG_WARN_OBJC_ROOT_CLASS = YES_ERROR;
				CLANG_WARN_QUOTED_INCLUDE_IN_FRAMEWORK_HEADER = YES;
				CLANG_WARN_RANGE_LOOP_ANALYSIS = YES;
				CLANG_WARN_STRICT_PROTOTYPES = YES;
				CLANG_WARN_SUSPICIOUS_MOVE = YES;
				CLANG_WARN_UNGUARDED_AVAILABILITY = YES_AGGRESSIVE;
				CLANG_WARN_UNREACHABLE_CODE = YES;
				CLANG_WARN__DUPLICATE_METHOD_MATCH = YES;
				COPY_PHASE_STRIP = NO;
				DEBUG_INFORMATION_FORMAT = dwarf;
				ENABLE_STRICT_OBJC_MSGSEND = YES;
				ENABLE_TESTABILITY = YES;
				GCC_C_LANGUAGE_STANDARD = gnu11;
				GCC_DYNAMIC_NO_PIC = NO;
				GCC_NO_COMMON_BLOCKS = YES;
				GCC_OPTIMIZATION_LEVEL = 0;
				GCC_PREPROCESSOR_DEFINITIONS = (
					"DEBUG=1",
					"$(inherited)",
				);
				GCC_WARN_64_TO_32_BIT_CONVERSION = YES;
				GCC_WARN_ABOUT_RETURN_TYPE = YES_ERROR;
				GCC_WARN_UNDECLARED_SELECTOR = YES;
				GCC_WARN_UNINITIALIZED_AUTOS = YES_AGGRESSIVE;
				GCC_WARN_UNUSED_FUNCTION = YES;
				GCC_WARN_UNUSED_VARIABLE = YES;
				IPHONEOS_DEPLOYMENT_TARGET = 14.5;
				MTL_ENABLE_DEBUG_INFO = INCLUDE_SOURCE;
				MTL_FAST_MATH = YES;
				ONLY_ACTIVE_ARCH = YES;
				SDKROOT = iphoneos;
			};
			name = Debug;
		};
		84CC45AB26F03A64007210CA /* Release */ = {
			isa = XCBuildConfiguration;
			buildSettings = {
				ALWAYS_SEARCH_USER_PATHS = NO;
				CLANG_ANALYZER_NONNULL = YES;
				CLANG_ANALYZER_NUMBER_OBJECT_CONVERSION = YES_AGGRESSIVE;
				CLANG_CXX_LANGUAGE_STANDARD = "gnu++14";
				CLANG_CXX_LIBRARY = "libc++";
				CLANG_ENABLE_MODULES = YES;
				CLANG_ENABLE_OBJC_ARC = YES;
				CLANG_ENABLE_OBJC_WEAK = YES;
				CLANG_WARN_BLOCK_CAPTURE_AUTORELEASING = YES;
				CLANG_WARN_BOOL_CONVERSION = YES;
				CLANG_WARN_COMMA = YES;
				CLANG_WARN_CONSTANT_CONVERSION = YES;
				CLANG_WARN_DEPRECATED_OBJC_IMPLEMENTATIONS = YES;
				CLANG_WARN_DIRECT_OBJC_ISA_USAGE = YES_ERROR;
				CLANG_WARN_DOCUMENTATION_COMMENTS = YES;
				CLANG_WARN_EMPTY_BODY = YES;
				CLANG_WARN_ENUM_CONVERSION = YES;
				CLANG_WARN_INFINITE_RECURSION = YES;
				CLANG_WARN_INT_CONVERSION = YES;
				CLANG_WARN_NON_LITERAL_NULL_CONVERSION = YES;
				CLANG_WARN_OBJC_IMPLICIT_RETAIN_SELF = YES;
				CLANG_WARN_OBJC_LITERAL_CONVERSION = YES;
				CLANG_WARN_OBJC_ROOT_CLASS = YES_ERROR;
				CLANG_WARN_QUOTED_INCLUDE_IN_FRAMEWORK_HEADER = YES;
				CLANG_WARN_RANGE_LOOP_ANALYSIS = YES;
				CLANG_WARN_STRICT_PROTOTYPES = YES;
				CLANG_WARN_SUSPICIOUS_MOVE = YES;
				CLANG_WARN_UNGUARDED_AVAILABILITY = YES_AGGRESSIVE;
				CLANG_WARN_UNREACHABLE_CODE = YES;
				CLANG_WARN__DUPLICATE_METHOD_MATCH = YES;
				COPY_PHASE_STRIP = NO;
				DEBUG_INFORMATION_FORMAT = "dwarf-with-dsym";
				ENABLE_NS_ASSERTIONS = NO;
				ENABLE_STRICT_OBJC_MSGSEND = YES;
				GCC_C_LANGUAGE_STANDARD = gnu11;
				GCC_NO_COMMON_BLOCKS = YES;
				GCC_WARN_64_TO_32_BIT_CONVERSION = YES;
				GCC_WARN_ABOUT_RETURN_TYPE = YES_ERROR;
				GCC_WARN_UNDECLARED_SELECTOR = YES;
				GCC_WARN_UNINITIALIZED_AUTOS = YES_AGGRESSIVE;
				GCC_WARN_UNUSED_FUNCTION = YES;
				GCC_WARN_UNUSED_VARIABLE = YES;
				IPHONEOS_DEPLOYMENT_TARGET = 14.5;
				MTL_ENABLE_DEBUG_INFO = NO;
				MTL_FAST_MATH = YES;
				SDKROOT = iphoneos;
				VALIDATE_PRODUCT = YES;
			};
			name = Release;
		};
		84CC45AD26F03A64007210CA /* Debug */ = {
			isa = XCBuildConfiguration;
			baseConfigurationReference = 11A6FF2A7B5151B86204FCCC /* Pods-app-nest-ios.debug.xcconfig */;
			buildSettings = {
				ASSETCATALOG_COMPILER_APPICON_NAME = AppIcon;
				ASSETCATALOG_COMPILER_GLOBAL_ACCENT_COLOR_NAME = AccentColor;
				CODE_SIGN_ENTITLEMENTS = "app-nest-ios/app-nest-ios.entitlements";
				CODE_SIGN_STYLE = Automatic;
				DEVELOPMENT_TEAM = SKLW7ANALG;
				ENABLE_BITCODE = NO;
				FRAMEWORK_SEARCH_PATHS = (
					"$(inherited)",
					"$(PROJECT_DIR)/app-nest-ios/ANFrameworks/third/ATAuth",
				);
				INFOPLIST_FILE = "app-nest-ios/Info.plist";
				IPHONEOS_DEPLOYMENT_TARGET = 9.0;
				LD_RUNPATH_SEARCH_PATHS = (
					"$(inherited)",
					"@executable_path/Frameworks",
				);
				PRODUCT_BUNDLE_IDENTIFIER = com.dingbaoxin.app;
				PRODUCT_NAME = "$(TARGET_NAME)";
				TARGETED_DEVICE_FAMILY = "1,2";
			};
			name = Debug;
		};
		84CC45AE26F03A64007210CA /* Release */ = {
			isa = XCBuildConfiguration;
			baseConfigurationReference = 4ED519787D127BB7E02EF5D9 /* Pods-app-nest-ios.release.xcconfig */;
			buildSettings = {
				ASSETCATALOG_COMPILER_APPICON_NAME = AppIcon;
				ASSETCATALOG_COMPILER_GLOBAL_ACCENT_COLOR_NAME = AccentColor;
				CODE_SIGN_ENTITLEMENTS = "app-nest-ios/app-nest-ios.entitlements";
				CODE_SIGN_STYLE = Automatic;
				DEVELOPMENT_TEAM = SKLW7ANALG;
				ENABLE_BITCODE = NO;
				FRAMEWORK_SEARCH_PATHS = (
					"$(inherited)",
					"$(PROJECT_DIR)/app-nest-ios/ANFrameworks/third/ATAuth",
				);
				INFOPLIST_FILE = "app-nest-ios/Info.plist";
				IPHONEOS_DEPLOYMENT_TARGET = 9.0;
				LD_RUNPATH_SEARCH_PATHS = (
					"$(inherited)",
					"@executable_path/Frameworks",
				);
				PRODUCT_BUNDLE_IDENTIFIER = com.dingbaoxin.app;
				PRODUCT_NAME = "$(TARGET_NAME)";
				TARGETED_DEVICE_FAMILY = "1,2";
			};
			name = Release;
		};
		84CC45B026F03A64007210CA /* Debug */ = {
			isa = XCBuildConfiguration;
			baseConfigurationReference = 245F02838F4D1D3284CD25F5 /* Pods-app-nest-iosTests.debug.xcconfig */;
			buildSettings = {
				BUNDLE_LOADER = "$(TEST_HOST)";
				CODE_SIGN_STYLE = Automatic;
				DEVELOPMENT_TEAM = 43F7K49B2K;
				INFOPLIST_FILE = "app-nest-iosTests/Info.plist";
				IPHONEOS_DEPLOYMENT_TARGET = 14.5;
				LD_RUNPATH_SEARCH_PATHS = (
					"$(inherited)",
					"@executable_path/Frameworks",
					"@loader_path/Frameworks",
				);
				PRODUCT_BUNDLE_IDENTIFIER = "com.ymyai.app-nest-iosTests";
				PRODUCT_NAME = "$(TARGET_NAME)";
				TARGETED_DEVICE_FAMILY = "1,2";
				TEST_HOST = "$(BUILT_PRODUCTS_DIR)/app-nest-ios.app/app-nest-ios";
			};
			name = Debug;
		};
		84CC45B126F03A64007210CA /* Release */ = {
			isa = XCBuildConfiguration;
			baseConfigurationReference = 83593DAD8315111A85035B2F /* Pods-app-nest-iosTests.release.xcconfig */;
			buildSettings = {
				BUNDLE_LOADER = "$(TEST_HOST)";
				CODE_SIGN_STYLE = Automatic;
				DEVELOPMENT_TEAM = 43F7K49B2K;
				INFOPLIST_FILE = "app-nest-iosTests/Info.plist";
				IPHONEOS_DEPLOYMENT_TARGET = 14.5;
				LD_RUNPATH_SEARCH_PATHS = (
					"$(inherited)",
					"@executable_path/Frameworks",
					"@loader_path/Frameworks",
				);
				PRODUCT_BUNDLE_IDENTIFIER = "com.ymyai.app-nest-iosTests";
				PRODUCT_NAME = "$(TARGET_NAME)";
				TARGETED_DEVICE_FAMILY = "1,2";
				TEST_HOST = "$(BUILT_PRODUCTS_DIR)/app-nest-ios.app/app-nest-ios";
			};
			name = Release;
		};
		84CC45B326F03A64007210CA /* Debug */ = {
			isa = XCBuildConfiguration;
			baseConfigurationReference = 33FC596EBD35C70074D2AC48 /* Pods-app-nest-ios-app-nest-iosUITests.debug.xcconfig */;
			buildSettings = {
				CODE_SIGN_STYLE = Automatic;
				DEVELOPMENT_TEAM = 43F7K49B2K;
				INFOPLIST_FILE = "app-nest-iosUITests/Info.plist";
				LD_RUNPATH_SEARCH_PATHS = (
					"$(inherited)",
					"@executable_path/Frameworks",
					"@loader_path/Frameworks",
				);
				PRODUCT_BUNDLE_IDENTIFIER = "com.ymyai.app-nest-iosUITests";
				PRODUCT_NAME = "$(TARGET_NAME)";
				TARGETED_DEVICE_FAMILY = "1,2";
				TEST_TARGET_NAME = "app-nest-ios";
			};
			name = Debug;
		};
		84CC45B426F03A64007210CA /* Release */ = {
			isa = XCBuildConfiguration;
			baseConfigurationReference = 83002597A86B9E8999B01AF4 /* Pods-app-nest-ios-app-nest-iosUITests.release.xcconfig */;
			buildSettings = {
				CODE_SIGN_STYLE = Automatic;
				DEVELOPMENT_TEAM = 43F7K49B2K;
				INFOPLIST_FILE = "app-nest-iosUITests/Info.plist";
				LD_RUNPATH_SEARCH_PATHS = (
					"$(inherited)",
					"@executable_path/Frameworks",
					"@loader_path/Frameworks",
				);
				PRODUCT_BUNDLE_IDENTIFIER = "com.ymyai.app-nest-iosUITests";
				PRODUCT_NAME = "$(TARGET_NAME)";
				TARGETED_DEVICE_FAMILY = "1,2";
				TEST_TARGET_NAME = "app-nest-ios";
			};
			name = Release;
		};
/* End XCBuildConfiguration section */

/* Begin XCConfigurationList section */
		84CC457826F03A64007210CA /* Build configuration list for PBXProject "app-nest-ios" */ = {
			isa = XCConfigurationList;
			buildConfigurations = (
				84CC45AA26F03A64007210CA /* Debug */,
				84CC45AB26F03A64007210CA /* Release */,
			);
			defaultConfigurationIsVisible = 0;
			defaultConfigurationName = Release;
		};
		84CC45AC26F03A64007210CA /* Build configuration list for PBXNativeTarget "app-nest-ios" */ = {
			isa = XCConfigurationList;
			buildConfigurations = (
				84CC45AD26F03A64007210CA /* Debug */,
				84CC45AE26F03A64007210CA /* Release */,
			);
			defaultConfigurationIsVisible = 0;
			defaultConfigurationName = Release;
		};
		84CC45AF26F03A64007210CA /* Build configuration list for PBXNativeTarget "app-nest-iosTests" */ = {
			isa = XCConfigurationList;
			buildConfigurations = (
				84CC45B026F03A64007210CA /* Debug */,
				84CC45B126F03A64007210CA /* Release */,
			);
			defaultConfigurationIsVisible = 0;
			defaultConfigurationName = Release;
		};
		84CC45B226F03A64007210CA /* Build configuration list for PBXNativeTarget "app-nest-iosUITests" */ = {
			isa = XCConfigurationList;
			buildConfigurations = (
				84CC45B326F03A64007210CA /* Debug */,
				84CC45B426F03A64007210CA /* Release */,
			);
			defaultConfigurationIsVisible = 0;
			defaultConfigurationName = Release;
		};
/* End XCConfigurationList section */
	};
	rootObject = 84CC457526F03A64007210CA /* Project object */;
}
